// !$*UTF8*$!
{
	archiveVersion = 1;
	classes = {
	};
	objectVersion = 56;
	objects = {

/* Begin PBXBuildFile section */
		BA1707E32D2FE5410036292F /* ChartScreen.swift in Sources */ = {isa = PBXBuildFile; fileRef = BA1707E22D2FE5410036292F /* ChartScreen.swift */; };
		BA1707E62D2FE5940036292F /* ChartViewModel.swift in Sources */ = {isa = PBXBuildFile; fileRef = BA1707E52D2FE5940036292F /* ChartViewModel.swift */; };
		BA1707E82D2FF2E20036292F /* TrackChartResponse.swift in Sources */ = {isa = PBXBuildFile; fileRef = BA1707E72D2FF2E20036292F /* TrackChartResponse.swift */; };
		BA253E972D2FF629003121ED /* AlbumChart.swift in Sources */ = {isa = PBXBuildFile; fileRef = BA253E962D2FF629003121ED /* AlbumChart.swift */; };
		BA253E992D2FF991003121ED /* ArtistChart.swift in Sources */ = {isa = PBXBuildFile; fileRef = BA253E982D2FF991003121ED /* ArtistChart.swift */; };
		BA253E9B2D2FFB1A003121ED /* UserResponse.swift in Sources */ = {isa = PBXBuildFile; fileRef = BA253E9A2D2FFB1A003121ED /* UserResponse.swift */; };
		BA253E9E2D300909003121ED /* CommonModels.swift in Sources */ = {isa = PBXBuildFile; fileRef = BA253E9D2D300909003121ED /* CommonModels.swift */; };
		BA5BA98D2D3FCE2E002859BD /* AllTimeChartsScreen.swift in Sources */ = {isa = PBXBuildFile; fileRef = BA5BA98C2D3FCE2E002859BD /* AllTimeChartsScreen.swift */; };
		BA5BA98F2D3FCE3C002859BD /* AllTimeChartsViewModel.swift in Sources */ = {isa = PBXBuildFile; fileRef = BA5BA98E2D3FCE3C002859BD /* AllTimeChartsViewModel.swift */; };
		BA5BA9912D3FD0A5002859BD /* AllTimeChartEntryUIModel.swift in Sources */ = {isa = PBXBuildFile; fileRef = BA5BA9902D3FD0A5002859BD /* AllTimeChartEntryUIModel.swift */; };
		BA5F02832D40EA8B008AF417 /* OverallTopChartEntryUIModel.swift in Sources */ = {isa = PBXBuildFile; fileRef = BAEE207B2D327FD900551EA7 /* OverallTopChartEntryUIModel.swift */; };
		BA5F02842D40EA8B008AF417 /* ChartScreen.swift in Sources */ = {isa = PBXBuildFile; fileRef = BA1707E22D2FE5410036292F /* ChartScreen.swift */; };
		BA5F02852D40EA8B008AF417 /* ChartEntryDetailsScreen.swift in Sources */ = {isa = PBXBuildFile; fileRef = BAEE206F2D32629E00551EA7 /* ChartEntryDetailsScreen.swift */; };
		BA5F02862D40EA8B008AF417 /* AlbumResponse.swift in Sources */ = {isa = PBXBuildFile; fileRef = BAAC9BFB2D3E7B3A00629A36 /* AlbumResponse.swift */; };
		BA5F02872D40EA8B008AF417 /* ArtistChartResponse.swift in Sources */ = {isa = PBXBuildFile; fileRef = BADAF4322D2ECEA0002B2ECC /* ArtistChartResponse.swift */; };
		BA5F02882D40EA8B008AF417 /* ChartRepository.swift in Sources */ = {isa = PBXBuildFile; fileRef = BAEE20762D327F0900551EA7 /* ChartRepository.swift */; };
		BA5F02892D40EA8B008AF417 /* IndexScreen.swift in Sources */ = {isa = PBXBuildFile; fileRef = BA9398FE2D2D604500362719 /* IndexScreen.swift */; };
		BA5F028A2D40EA8B008AF417 /* TrackChartRepository.swift in Sources */ = {isa = PBXBuildFile; fileRef = BAEE208B2D32820200551EA7 /* TrackChartRepository.swift */; };
		BA5F028B2D40EA8B008AF417 /* ChartRunSnapshotUIModel.swift in Sources */ = {isa = PBXBuildFile; fileRef = BAEE20952D33A5A600551EA7 /* ChartRunSnapshotUIModel.swift */; };
		BA5F028C2D40EA8B008AF417 /* ChartMovementUIModel.swift in Sources */ = {isa = PBXBuildFile; fileRef = BAEE20932D33A58C00551EA7 /* ChartMovementUIModel.swift */; };
		BA5F028D2D40EA8B008AF417 /* TrackChart.swift in Sources */ = {isa = PBXBuildFile; fileRef = BA9399112D2E1FE600362719 /* TrackChart.swift */; };
		BA5F028E2D40EA8B008AF417 /* YearEndChartsScreen.swift in Sources */ = {isa = PBXBuildFile; fileRef = BA76E4402D3558E400D03DFA /* YearEndChartsScreen.swift */; };
		BA5F028F2D40EA8B008AF417 /* ChartPositionUIModel.swift in Sources */ = {isa = PBXBuildFile; fileRef = BAEE20972D33BE3F00551EA7 /* ChartPositionUIModel.swift */; };
		BA5F02902D40EA8B008AF417 /* AllTimeChartsViewModel.swift in Sources */ = {isa = PBXBuildFile; fileRef = BA5BA98E2D3FCE3C002859BD /* AllTimeChartsViewModel.swift */; };
		BA5F02912D40EA8B008AF417 /* LastFM.swift in Sources */ = {isa = PBXBuildFile; fileRef = BADAF42C2D2E83A2002B2ECC /* LastFM.swift */; };
		BA5F02922D40EA8B008AF417 /* TopChartEntriesScreen.swift in Sources */ = {isa = PBXBuildFile; fileRef = BA76E4392D35466800D03DFA /* TopChartEntriesScreen.swift */; };
		BA5F02932D40EA8B008AF417 /* UserUIModel.swift in Sources */ = {isa = PBXBuildFile; fileRef = BAEE20992D33D92E00551EA7 /* UserUIModel.swift */; };
		BA5F02942D40EA8B008AF417 /* ArtistChart.swift in Sources */ = {isa = PBXBuildFile; fileRef = BA253E982D2FF991003121ED /* ArtistChart.swift */; };
		BA5F02952D40EA8B008AF417 /* YearEndChartEntryUIModel.swift in Sources */ = {isa = PBXBuildFile; fileRef = BA76E4442D35592400D03DFA /* YearEndChartEntryUIModel.swift */; };
		BA5F02962D40EA8B008AF417 /* CommonModels.swift in Sources */ = {isa = PBXBuildFile; fileRef = BA253E9D2D300909003121ED /* CommonModels.swift */; };
		BA5F02972D40EA8B008AF417 /* IndexViewModel.swift in Sources */ = {isa = PBXBuildFile; fileRef = BA93990C2D2E1F3800362719 /* IndexViewModel.swift */; };
		BA5F02982D40EA8B008AF417 /* User.swift in Sources */ = {isa = PBXBuildFile; fileRef = BADAF4362D2F5EE5002B2ECC /* User.swift */; };
		BA5F02992D40EA8B008AF417 /* TopChartEntriesViewModel.swift in Sources */ = {isa = PBXBuildFile; fileRef = BA76E43B2D3546B700D03DFA /* TopChartEntriesViewModel.swift */; };
		BA5F029A2D40EA8B008AF417 /* AllTimeChartsScreen.swift in Sources */ = {isa = PBXBuildFile; fileRef = BA5BA98C2D3FCE2E002859BD /* AllTimeChartsScreen.swift */; };
		BA5F029B2D40EA8B008AF417 /* ChartEntryUIModel.swift in Sources */ = {isa = PBXBuildFile; fileRef = BAEE207F2D32800C00551EA7 /* ChartEntryUIModel.swift */; };
		BA5F029C2D40EA8B008AF417 /* AlbumRepository.swift in Sources */ = {isa = PBXBuildFile; fileRef = BAAC9C012D3E7E6D00629A36 /* AlbumRepository.swift */; };
		BA5F029D2D40EA8B008AF417 /* Album.swift in Sources */ = {isa = PBXBuildFile; fileRef = BAAC9BFD2D3E7CC100629A36 /* Album.swift */; };
		BA5F029E2D40EA8B008AF417 /* ChartEntry.swift in Sources */ = {isa = PBXBuildFile; fileRef = BAEE20852D32808B00551EA7 /* ChartEntry.swift */; };
		BA5F029F2D40EA8B008AF417 /* ChildChartEntryUIModel.swift in Sources */ = {isa = PBXBuildFile; fileRef = BAFC4E632D3BE97A00BC5B73 /* ChildChartEntryUIModel.swift */; };
		BA5F02A02D40EA8B008AF417 /* Chart.swift in Sources */ = {isa = PBXBuildFile; fileRef = BAEE20832D32807F00551EA7 /* Chart.swift */; };
		BA5F02A12D40EA8B008AF417 /* YearEndChartsViewModel.swift in Sources */ = {isa = PBXBuildFile; fileRef = BA76E4422D3558EF00D03DFA /* YearEndChartsViewModel.swift */; };
		BA5F02A22D40EA8B008AF417 /* AlbumChartRepository.swift in Sources */ = {isa = PBXBuildFile; fileRef = BAEE208D2D32826700551EA7 /* AlbumChartRepository.swift */; };
		BA5F02A32D40EA8B008AF417 /* HeliChartsApp.swift in Sources */ = {isa = PBXBuildFile; fileRef = BA9398FC2D2D604500362719 /* HeliChartsApp.swift */; };
		BA5F02A42D40EA8B008AF417 /* Helpers.swift in Sources */ = {isa = PBXBuildFile; fileRef = BA93990E2D2E1F7400362719 /* Helpers.swift */; };
		BA5F02A52D40EA8B008AF417 /* ChartEntryDetailsDisplayModel.swift in Sources */ = {isa = PBXBuildFile; fileRef = BAEE20812D32801B00551EA7 /* ChartEntryDetailsDisplayModel.swift */; };
		BA5F02A62D40EA8B008AF417 /* ArtistEntry.swift in Sources */ = {isa = PBXBuildFile; fileRef = BADAF4342D2ECF2D002B2ECC /* ArtistEntry.swift */; };
		BA5F02A72D40EA8B008AF417 /* TrackChartResponse.swift in Sources */ = {isa = PBXBuildFile; fileRef = BA1707E72D2FF2E20036292F /* TrackChartResponse.swift */; };
		BA5F02A82D40EA8B008AF417 /* Track.swift in Sources */ = {isa = PBXBuildFile; fileRef = BAAC9BFF2D3E7CD200629A36 /* Track.swift */; };
		BA5F02A92D40EA8B008AF417 /* ChartUIModel.swift in Sources */ = {isa = PBXBuildFile; fileRef = BAEE207D2D327FFB00551EA7 /* ChartUIModel.swift */; };
		BA5F02AA2D40EA8B008AF417 /* TrackEntry.swift in Sources */ = {isa = PBXBuildFile; fileRef = BA9399132D2E200400362719 /* TrackEntry.swift */; };
		BA5F02AB2D40EA8B008AF417 /* ChartEntryChildEntriesScreen.swift in Sources */ = {isa = PBXBuildFile; fileRef = BAFC4E702D3C89F200BC5B73 /* ChartEntryChildEntriesScreen.swift */; };
		BA5F02AC2D40EA8B008AF417 /* UserRepository.swift in Sources */ = {isa = PBXBuildFile; fileRef = BA76E43E2D35475400D03DFA /* UserRepository.swift */; };
		BA5F02AD2D40EA8B008AF417 /* AlbumEntry.swift in Sources */ = {isa = PBXBuildFile; fileRef = BADAF4302D2EC516002B2ECC /* AlbumEntry.swift */; };
		BA5F02AE2D40EA8B008AF417 /* UserResponse.swift in Sources */ = {isa = PBXBuildFile; fileRef = BA253E9A2D2FFB1A003121ED /* UserResponse.swift */; };
		BA5F02AF2D40EA8B008AF417 /* AllTimeChartEntryUIModel.swift in Sources */ = {isa = PBXBuildFile; fileRef = BA5BA9902D3FD0A5002859BD /* AllTimeChartEntryUIModel.swift */; };
		BA5F02B02D40EA8B008AF417 /* Artist.swift in Sources */ = {isa = PBXBuildFile; fileRef = BAEE20882D3281D100551EA7 /* Artist.swift */; };
		BA5F02B12D40EA8B008AF417 /* ChartEntryDetailsViewModel.swift in Sources */ = {isa = PBXBuildFile; fileRef = BAEE20712D326B6F00551EA7 /* ChartEntryDetailsViewModel.swift */; };
		BA5F02B22D40EA8B008AF417 /* AlbumChartResponse.swift in Sources */ = {isa = PBXBuildFile; fileRef = BADAF42E2D2EC4EA002B2ECC /* AlbumChartResponse.swift */; };
		BA5F02B32D40EA8B008AF417 /* ChartViewModel.swift in Sources */ = {isa = PBXBuildFile; fileRef = BA1707E52D2FE5940036292F /* ChartViewModel.swift */; };
		BA5F02B42D40EA8B008AF417 /* Settings.swift in Sources */ = {isa = PBXBuildFile; fileRef = BAEE206D2D325FEC00551EA7 /* Settings.swift */; };
		BA5F02B52D40EA8B008AF417 /* TopChartEntryUIModel.swift in Sources */ = {isa = PBXBuildFile; fileRef = BAEE20792D327FB200551EA7 /* TopChartEntryUIModel.swift */; };
		BA5F02B62D40EA8B008AF417 /* ArtistChartRepository.swift in Sources */ = {isa = PBXBuildFile; fileRef = BAEE208F2D32827C00551EA7 /* ArtistChartRepository.swift */; };
		BA5F02B72D40EA8B008AF417 /* AlbumChart.swift in Sources */ = {isa = PBXBuildFile; fileRef = BA253E962D2FF629003121ED /* AlbumChart.swift */; };
		BA5F02B92D40EA8B008AF417 /* Collections in Frameworks */ = {isa = PBXBuildFile; productRef = BA5F027E2D40EA8B008AF417 /* Collections */; };
		BA5F02BA2D40EA8B008AF417 /* HeapModule in Frameworks */ = {isa = PBXBuildFile; productRef = BA5F02812D40EA8B008AF417 /* HeapModule */; };
		BA5F02BB2D40EA8B008AF417 /* BitCollections in Frameworks */ = {isa = PBXBuildFile; productRef = BA5F027C2D40EA8B008AF417 /* BitCollections */; };
		BA5F02BC2D40EA8B008AF417 /* HashTreeCollections in Frameworks */ = {isa = PBXBuildFile; productRef = BA5F02802D40EA8B008AF417 /* HashTreeCollections */; };
		BA5F02BD2D40EA8B008AF417 /* DequeModule in Frameworks */ = {isa = PBXBuildFile; productRef = BA5F027F2D40EA8B008AF417 /* DequeModule */; };
		BA5F02BF2D40EA8B008AF417 /* Preview Assets.xcassets in Resources */ = {isa = PBXBuildFile; fileRef = BA9399052D2D604700362719 /* Preview Assets.xcassets */; };
		BA5F02C02D40EA8B008AF417 /* Assets.xcassets in Resources */ = {isa = PBXBuildFile; fileRef = BA9399022D2D604700362719 /* Assets.xcassets */; };
		BA5F02CD2D40EADD008AF417 /* OverallTopChartEntryUIModel.swift in Sources */ = {isa = PBXBuildFile; fileRef = BAEE207B2D327FD900551EA7 /* OverallTopChartEntryUIModel.swift */; };
		BA5F02CE2D40EADD008AF417 /* ChartScreen.swift in Sources */ = {isa = PBXBuildFile; fileRef = BA1707E22D2FE5410036292F /* ChartScreen.swift */; };
		BA5F02CF2D40EADD008AF417 /* ChartEntryDetailsScreen.swift in Sources */ = {isa = PBXBuildFile; fileRef = BAEE206F2D32629E00551EA7 /* ChartEntryDetailsScreen.swift */; };
		BA5F02D02D40EADD008AF417 /* AlbumResponse.swift in Sources */ = {isa = PBXBuildFile; fileRef = BAAC9BFB2D3E7B3A00629A36 /* AlbumResponse.swift */; };
		BA5F02D12D40EADD008AF417 /* ArtistChartResponse.swift in Sources */ = {isa = PBXBuildFile; fileRef = BADAF4322D2ECEA0002B2ECC /* ArtistChartResponse.swift */; };
		BA5F02D22D40EADD008AF417 /* ChartRepository.swift in Sources */ = {isa = PBXBuildFile; fileRef = BAEE20762D327F0900551EA7 /* ChartRepository.swift */; };
		BA5F02D32D40EADD008AF417 /* IndexScreen.swift in Sources */ = {isa = PBXBuildFile; fileRef = BA9398FE2D2D604500362719 /* IndexScreen.swift */; };
		BA5F02D42D40EADD008AF417 /* TrackChartRepository.swift in Sources */ = {isa = PBXBuildFile; fileRef = BAEE208B2D32820200551EA7 /* TrackChartRepository.swift */; };
		BA5F02D52D40EADD008AF417 /* ChartRunSnapshotUIModel.swift in Sources */ = {isa = PBXBuildFile; fileRef = BAEE20952D33A5A600551EA7 /* ChartRunSnapshotUIModel.swift */; };
		BA5F02D62D40EADD008AF417 /* ChartMovementUIModel.swift in Sources */ = {isa = PBXBuildFile; fileRef = BAEE20932D33A58C00551EA7 /* ChartMovementUIModel.swift */; };
		BA5F02D72D40EADD008AF417 /* TrackChart.swift in Sources */ = {isa = PBXBuildFile; fileRef = BA9399112D2E1FE600362719 /* TrackChart.swift */; };
		BA5F02D82D40EADD008AF417 /* YearEndChartsScreen.swift in Sources */ = {isa = PBXBuildFile; fileRef = BA76E4402D3558E400D03DFA /* YearEndChartsScreen.swift */; };
		BA5F02D92D40EADD008AF417 /* ChartPositionUIModel.swift in Sources */ = {isa = PBXBuildFile; fileRef = BAEE20972D33BE3F00551EA7 /* ChartPositionUIModel.swift */; };
		BA5F02DA2D40EADD008AF417 /* AllTimeChartsViewModel.swift in Sources */ = {isa = PBXBuildFile; fileRef = BA5BA98E2D3FCE3C002859BD /* AllTimeChartsViewModel.swift */; };
		BA5F02DB2D40EADD008AF417 /* LastFM.swift in Sources */ = {isa = PBXBuildFile; fileRef = BADAF42C2D2E83A2002B2ECC /* LastFM.swift */; };
		BA5F02DC2D40EADD008AF417 /* TopChartEntriesScreen.swift in Sources */ = {isa = PBXBuildFile; fileRef = BA76E4392D35466800D03DFA /* TopChartEntriesScreen.swift */; };
		BA5F02DD2D40EADD008AF417 /* UserUIModel.swift in Sources */ = {isa = PBXBuildFile; fileRef = BAEE20992D33D92E00551EA7 /* UserUIModel.swift */; };
		BA5F02DE2D40EADD008AF417 /* ArtistChart.swift in Sources */ = {isa = PBXBuildFile; fileRef = BA253E982D2FF991003121ED /* ArtistChart.swift */; };
		BA5F02DF2D40EADD008AF417 /* YearEndChartEntryUIModel.swift in Sources */ = {isa = PBXBuildFile; fileRef = BA76E4442D35592400D03DFA /* YearEndChartEntryUIModel.swift */; };
		BA5F02E02D40EADD008AF417 /* CommonModels.swift in Sources */ = {isa = PBXBuildFile; fileRef = BA253E9D2D300909003121ED /* CommonModels.swift */; };
		BA5F02E12D40EADD008AF417 /* IndexViewModel.swift in Sources */ = {isa = PBXBuildFile; fileRef = BA93990C2D2E1F3800362719 /* IndexViewModel.swift */; };
		BA5F02E22D40EADD008AF417 /* User.swift in Sources */ = {isa = PBXBuildFile; fileRef = BADAF4362D2F5EE5002B2ECC /* User.swift */; };
		BA5F02E32D40EADD008AF417 /* TopChartEntriesViewModel.swift in Sources */ = {isa = PBXBuildFile; fileRef = BA76E43B2D3546B700D03DFA /* TopChartEntriesViewModel.swift */; };
		BA5F02E42D40EADD008AF417 /* AllTimeChartsScreen.swift in Sources */ = {isa = PBXBuildFile; fileRef = BA5BA98C2D3FCE2E002859BD /* AllTimeChartsScreen.swift */; };
		BA5F02E52D40EADD008AF417 /* ChartEntryUIModel.swift in Sources */ = {isa = PBXBuildFile; fileRef = BAEE207F2D32800C00551EA7 /* ChartEntryUIModel.swift */; };
		BA5F02E62D40EADD008AF417 /* AlbumRepository.swift in Sources */ = {isa = PBXBuildFile; fileRef = BAAC9C012D3E7E6D00629A36 /* AlbumRepository.swift */; };
		BA5F02E72D40EADD008AF417 /* Album.swift in Sources */ = {isa = PBXBuildFile; fileRef = BAAC9BFD2D3E7CC100629A36 /* Album.swift */; };
		BA5F02E82D40EADD008AF417 /* ChartEntry.swift in Sources */ = {isa = PBXBuildFile; fileRef = BAEE20852D32808B00551EA7 /* ChartEntry.swift */; };
		BA5F02E92D40EADD008AF417 /* ChildChartEntryUIModel.swift in Sources */ = {isa = PBXBuildFile; fileRef = BAFC4E632D3BE97A00BC5B73 /* ChildChartEntryUIModel.swift */; };
		BA5F02EA2D40EADD008AF417 /* Chart.swift in Sources */ = {isa = PBXBuildFile; fileRef = BAEE20832D32807F00551EA7 /* Chart.swift */; };
		BA5F02EB2D40EADD008AF417 /* YearEndChartsViewModel.swift in Sources */ = {isa = PBXBuildFile; fileRef = BA76E4422D3558EF00D03DFA /* YearEndChartsViewModel.swift */; };
		BA5F02EC2D40EADD008AF417 /* AlbumChartRepository.swift in Sources */ = {isa = PBXBuildFile; fileRef = BAEE208D2D32826700551EA7 /* AlbumChartRepository.swift */; };
		BA5F02ED2D40EADD008AF417 /* HeliChartsApp.swift in Sources */ = {isa = PBXBuildFile; fileRef = BA9398FC2D2D604500362719 /* HeliChartsApp.swift */; };
		BA5F02EE2D40EADD008AF417 /* Helpers.swift in Sources */ = {isa = PBXBuildFile; fileRef = BA93990E2D2E1F7400362719 /* Helpers.swift */; };
		BA5F02EF2D40EADD008AF417 /* ChartEntryDetailsDisplayModel.swift in Sources */ = {isa = PBXBuildFile; fileRef = BAEE20812D32801B00551EA7 /* ChartEntryDetailsDisplayModel.swift */; };
		BA5F02F02D40EADD008AF417 /* ArtistEntry.swift in Sources */ = {isa = PBXBuildFile; fileRef = BADAF4342D2ECF2D002B2ECC /* ArtistEntry.swift */; };
		BA5F02F12D40EADD008AF417 /* TrackChartResponse.swift in Sources */ = {isa = PBXBuildFile; fileRef = BA1707E72D2FF2E20036292F /* TrackChartResponse.swift */; };
		BA5F02F22D40EADD008AF417 /* Track.swift in Sources */ = {isa = PBXBuildFile; fileRef = BAAC9BFF2D3E7CD200629A36 /* Track.swift */; };
		BA5F02F32D40EADD008AF417 /* ChartUIModel.swift in Sources */ = {isa = PBXBuildFile; fileRef = BAEE207D2D327FFB00551EA7 /* ChartUIModel.swift */; };
		BA5F02F42D40EADD008AF417 /* TrackEntry.swift in Sources */ = {isa = PBXBuildFile; fileRef = BA9399132D2E200400362719 /* TrackEntry.swift */; };
		BA5F02F52D40EADD008AF417 /* ChartEntryChildEntriesScreen.swift in Sources */ = {isa = PBXBuildFile; fileRef = BAFC4E702D3C89F200BC5B73 /* ChartEntryChildEntriesScreen.swift */; };
		BA5F02F62D40EADD008AF417 /* UserRepository.swift in Sources */ = {isa = PBXBuildFile; fileRef = BA76E43E2D35475400D03DFA /* UserRepository.swift */; };
		BA5F02F72D40EADD008AF417 /* AlbumEntry.swift in Sources */ = {isa = PBXBuildFile; fileRef = BADAF4302D2EC516002B2ECC /* AlbumEntry.swift */; };
		BA5F02F82D40EADD008AF417 /* UserResponse.swift in Sources */ = {isa = PBXBuildFile; fileRef = BA253E9A2D2FFB1A003121ED /* UserResponse.swift */; };
		BA5F02F92D40EADD008AF417 /* AllTimeChartEntryUIModel.swift in Sources */ = {isa = PBXBuildFile; fileRef = BA5BA9902D3FD0A5002859BD /* AllTimeChartEntryUIModel.swift */; };
		BA5F02FA2D40EADD008AF417 /* Artist.swift in Sources */ = {isa = PBXBuildFile; fileRef = BAEE20882D3281D100551EA7 /* Artist.swift */; };
		BA5F02FB2D40EADD008AF417 /* ChartEntryDetailsViewModel.swift in Sources */ = {isa = PBXBuildFile; fileRef = BAEE20712D326B6F00551EA7 /* ChartEntryDetailsViewModel.swift */; };
		BA5F02FC2D40EADD008AF417 /* AlbumChartResponse.swift in Sources */ = {isa = PBXBuildFile; fileRef = BADAF42E2D2EC4EA002B2ECC /* AlbumChartResponse.swift */; };
		BA5F02FD2D40EADD008AF417 /* ChartViewModel.swift in Sources */ = {isa = PBXBuildFile; fileRef = BA1707E52D2FE5940036292F /* ChartViewModel.swift */; };
		BA5F02FE2D40EADD008AF417 /* Settings.swift in Sources */ = {isa = PBXBuildFile; fileRef = BAEE206D2D325FEC00551EA7 /* Settings.swift */; };
		BA5F02FF2D40EADD008AF417 /* TopChartEntryUIModel.swift in Sources */ = {isa = PBXBuildFile; fileRef = BAEE20792D327FB200551EA7 /* TopChartEntryUIModel.swift */; };
		BA5F03002D40EADD008AF417 /* ArtistChartRepository.swift in Sources */ = {isa = PBXBuildFile; fileRef = BAEE208F2D32827C00551EA7 /* ArtistChartRepository.swift */; };
		BA5F03012D40EADD008AF417 /* AlbumChart.swift in Sources */ = {isa = PBXBuildFile; fileRef = BA253E962D2FF629003121ED /* AlbumChart.swift */; };
		BA5F03032D40EADD008AF417 /* Collections in Frameworks */ = {isa = PBXBuildFile; productRef = BA5F02C82D40EADD008AF417 /* Collections */; };
		BA5F03042D40EADD008AF417 /* HeapModule in Frameworks */ = {isa = PBXBuildFile; productRef = BA5F02CB2D40EADD008AF417 /* HeapModule */; };
		BA5F03052D40EADD008AF417 /* BitCollections in Frameworks */ = {isa = PBXBuildFile; productRef = BA5F02C62D40EADD008AF417 /* BitCollections */; };
		BA5F03062D40EADD008AF417 /* HashTreeCollections in Frameworks */ = {isa = PBXBuildFile; productRef = BA5F02CA2D40EADD008AF417 /* HashTreeCollections */; };
		BA5F03072D40EADD008AF417 /* DequeModule in Frameworks */ = {isa = PBXBuildFile; productRef = BA5F02C92D40EADD008AF417 /* DequeModule */; };
		BA5F03092D40EADD008AF417 /* Preview Assets.xcassets in Resources */ = {isa = PBXBuildFile; fileRef = BA9399052D2D604700362719 /* Preview Assets.xcassets */; };
		BA5F030A2D40EADD008AF417 /* Assets.xcassets in Resources */ = {isa = PBXBuildFile; fileRef = BA9399022D2D604700362719 /* Assets.xcassets */; };
		BA6007562D50F93700EF47FE /* WeeklyRecordViewModel.swift in Sources */ = {isa = PBXBuildFile; fileRef = BA6007552D50F93700EF47FE /* WeeklyRecordViewModel.swift */; };
		BA6007572D50F93700EF47FE /* WeeklyRecordViewModel.swift in Sources */ = {isa = PBXBuildFile; fileRef = BA6007552D50F93700EF47FE /* WeeklyRecordViewModel.swift */; };
		BA6007582D50F93700EF47FE /* WeeklyRecordViewModel.swift in Sources */ = {isa = PBXBuildFile; fileRef = BA6007552D50F93700EF47FE /* WeeklyRecordViewModel.swift */; };
		BA60075B2D51021F00EF47FE /* CacheKeys.swift in Sources */ = {isa = PBXBuildFile; fileRef = BA60075A2D51021F00EF47FE /* CacheKeys.swift */; };
		BA60075C2D51021F00EF47FE /* CacheKeys.swift in Sources */ = {isa = PBXBuildFile; fileRef = BA60075A2D51021F00EF47FE /* CacheKeys.swift */; };
		BA60075D2D51021F00EF47FE /* CacheKeys.swift in Sources */ = {isa = PBXBuildFile; fileRef = BA60075A2D51021F00EF47FE /* CacheKeys.swift */; };
		BA62D02D2D578482002FF68B /* WeeklyRecordUIModel.swift in Sources */ = {isa = PBXBuildFile; fileRef = BA97B3CF2D4F9C64004829E7 /* WeeklyRecordUIModel.swift */; };
		BA62D02E2D578483002FF68B /* WeeklyRecordUIModel.swift in Sources */ = {isa = PBXBuildFile; fileRef = BA97B3CF2D4F9C64004829E7 /* WeeklyRecordUIModel.swift */; };
		BA62D02F2D57849F002FF68B /* RecordsScreen.swift in Sources */ = {isa = PBXBuildFile; fileRef = BA97B3CA2D4F69BF004829E7 /* RecordsScreen.swift */; };
		BA62D0302D5784A0002FF68B /* RecordsScreen.swift in Sources */ = {isa = PBXBuildFile; fileRef = BA97B3CA2D4F69BF004829E7 /* RecordsScreen.swift */; };
		BA62D0312D5784D7002FF68B /* WeeklyRecordScreen.swift in Sources */ = {isa = PBXBuildFile; fileRef = BA97B3CC2D4F6A76004829E7 /* WeeklyRecordScreen.swift */; };
		BA62D0322D5784D8002FF68B /* WeeklyRecordScreen.swift in Sources */ = {isa = PBXBuildFile; fileRef = BA97B3CC2D4F6A76004829E7 /* WeeklyRecordScreen.swift */; };
		BA67D1C92D4DD62900642984 /* Credentials.swift in Sources */ = {isa = PBXBuildFile; fileRef = BA67D1C82D4DD62900642984 /* Credentials.swift */; };
		BA67D1CA2D4DD62900642984 /* Credentials.swift in Sources */ = {isa = PBXBuildFile; fileRef = BA67D1C82D4DD62900642984 /* Credentials.swift */; };
		BA67D1CB2D4DD62900642984 /* Credentials.swift in Sources */ = {isa = PBXBuildFile; fileRef = BA67D1C82D4DD62900642984 /* Credentials.swift */; };
		BA6F11A52D734B2C00CAD5C6 /* FastestRecordScreen.swift in Sources */ = {isa = PBXBuildFile; fileRef = BA6F11A42D734B2C00CAD5C6 /* FastestRecordScreen.swift */; };
		BA6F11A62D734B2C00CAD5C6 /* FastestRecordScreen.swift in Sources */ = {isa = PBXBuildFile; fileRef = BA6F11A42D734B2C00CAD5C6 /* FastestRecordScreen.swift */; };
		BA6F11A72D734B2C00CAD5C6 /* FastestRecordScreen.swift in Sources */ = {isa = PBXBuildFile; fileRef = BA6F11A42D734B2C00CAD5C6 /* FastestRecordScreen.swift */; };
		BA6F11A92D734BD500CAD5C6 /* FastestRecordViewModel.swift in Sources */ = {isa = PBXBuildFile; fileRef = BA6F11A82D734BD500CAD5C6 /* FastestRecordViewModel.swift */; };
		BA6F11AA2D734BD500CAD5C6 /* FastestRecordViewModel.swift in Sources */ = {isa = PBXBuildFile; fileRef = BA6F11A82D734BD500CAD5C6 /* FastestRecordViewModel.swift */; };
		BA6F11AB2D734BD500CAD5C6 /* FastestRecordViewModel.swift in Sources */ = {isa = PBXBuildFile; fileRef = BA6F11A82D734BD500CAD5C6 /* FastestRecordViewModel.swift */; };
		BA6F11AD2D734C5500CAD5C6 /* FastestRecordUIModel.swift in Sources */ = {isa = PBXBuildFile; fileRef = BA6F11AC2D734C5500CAD5C6 /* FastestRecordUIModel.swift */; };
		BA6F11AE2D734C5500CAD5C6 /* FastestRecordUIModel.swift in Sources */ = {isa = PBXBuildFile; fileRef = BA6F11AC2D734C5500CAD5C6 /* FastestRecordUIModel.swift */; };
		BA6F11AF2D734C5500CAD5C6 /* FastestRecordUIModel.swift in Sources */ = {isa = PBXBuildFile; fileRef = BA6F11AC2D734C5500CAD5C6 /* FastestRecordUIModel.swift */; };
		BA76E43A2D35466800D03DFA /* TopChartEntriesScreen.swift in Sources */ = {isa = PBXBuildFile; fileRef = BA76E4392D35466800D03DFA /* TopChartEntriesScreen.swift */; };
		BA76E43C2D3546B700D03DFA /* TopChartEntriesViewModel.swift in Sources */ = {isa = PBXBuildFile; fileRef = BA76E43B2D3546B700D03DFA /* TopChartEntriesViewModel.swift */; };
		BA76E43F2D35475400D03DFA /* UserRepository.swift in Sources */ = {isa = PBXBuildFile; fileRef = BA76E43E2D35475400D03DFA /* UserRepository.swift */; };
		BA76E4412D3558E400D03DFA /* YearEndChartsScreen.swift in Sources */ = {isa = PBXBuildFile; fileRef = BA76E4402D3558E400D03DFA /* YearEndChartsScreen.swift */; };
		BA76E4432D3558EF00D03DFA /* YearEndChartsViewModel.swift in Sources */ = {isa = PBXBuildFile; fileRef = BA76E4422D3558EF00D03DFA /* YearEndChartsViewModel.swift */; };
		BA76E4452D35592400D03DFA /* YearEndChartEntryUIModel.swift in Sources */ = {isa = PBXBuildFile; fileRef = BA76E4442D35592400D03DFA /* YearEndChartEntryUIModel.swift */; };
		BA8AD61A2D478FCE00902FF1 /* ChartEntryDetailCell.swift in Sources */ = {isa = PBXBuildFile; fileRef = BAA0AD3D2D410380004BB4BE /* ChartEntryDetailCell.swift */; };
		BA8AD61B2D478FCE00902FF1 /* ChartEntryDetailCell.swift in Sources */ = {isa = PBXBuildFile; fileRef = BAA0AD3D2D410380004BB4BE /* ChartEntryDetailCell.swift */; };
		BA9398FD2D2D604500362719 /* HeliChartsApp.swift in Sources */ = {isa = PBXBuildFile; fileRef = BA9398FC2D2D604500362719 /* HeliChartsApp.swift */; };
		BA9398FF2D2D604500362719 /* IndexScreen.swift in Sources */ = {isa = PBXBuildFile; fileRef = BA9398FE2D2D604500362719 /* IndexScreen.swift */; };
		BA9399032D2D604700362719 /* Assets.xcassets in Resources */ = {isa = PBXBuildFile; fileRef = BA9399022D2D604700362719 /* Assets.xcassets */; };
		BA9399062D2D604700362719 /* Preview Assets.xcassets in Resources */ = {isa = PBXBuildFile; fileRef = BA9399052D2D604700362719 /* Preview Assets.xcassets */; };
		BA93990D2D2E1F3800362719 /* IndexViewModel.swift in Sources */ = {isa = PBXBuildFile; fileRef = BA93990C2D2E1F3800362719 /* IndexViewModel.swift */; };
		BA93990F2D2E1F7400362719 /* Helpers.swift in Sources */ = {isa = PBXBuildFile; fileRef = BA93990E2D2E1F7400362719 /* Helpers.swift */; };
		BA9399122D2E1FE600362719 /* TrackChart.swift in Sources */ = {isa = PBXBuildFile; fileRef = BA9399112D2E1FE600362719 /* TrackChart.swift */; };
		BA9399142D2E200400362719 /* TrackEntry.swift in Sources */ = {isa = PBXBuildFile; fileRef = BA9399132D2E200400362719 /* TrackEntry.swift */; };
		BA97B3CB2D4F69BF004829E7 /* RecordsScreen.swift in Sources */ = {isa = PBXBuildFile; fileRef = BA97B3CA2D4F69BF004829E7 /* RecordsScreen.swift */; };
		BA97B3CD2D4F6A76004829E7 /* WeeklyRecordScreen.swift in Sources */ = {isa = PBXBuildFile; fileRef = BA97B3CC2D4F6A76004829E7 /* WeeklyRecordScreen.swift */; };
		BA97B3D02D4F9C64004829E7 /* WeeklyRecordUIModel.swift in Sources */ = {isa = PBXBuildFile; fileRef = BA97B3CF2D4F9C64004829E7 /* WeeklyRecordUIModel.swift */; };
		BAA0AD3E2D410380004BB4BE /* ChartEntryDetailCell.swift in Sources */ = {isa = PBXBuildFile; fileRef = BAA0AD3D2D410380004BB4BE /* ChartEntryDetailCell.swift */; };
		BAAC9BFC2D3E7B3A00629A36 /* AlbumResponse.swift in Sources */ = {isa = PBXBuildFile; fileRef = BAAC9BFB2D3E7B3A00629A36 /* AlbumResponse.swift */; };
		BAAC9BFE2D3E7CC100629A36 /* Album.swift in Sources */ = {isa = PBXBuildFile; fileRef = BAAC9BFD2D3E7CC100629A36 /* Album.swift */; };
		BAAC9C002D3E7CD200629A36 /* Track.swift in Sources */ = {isa = PBXBuildFile; fileRef = BAAC9BFF2D3E7CD200629A36 /* Track.swift */; };
		BAAC9C022D3E7E6D00629A36 /* AlbumRepository.swift in Sources */ = {isa = PBXBuildFile; fileRef = BAAC9C012D3E7E6D00629A36 /* AlbumRepository.swift */; };
		BADAF42D2D2E83A2002B2ECC /* LastFM.swift in Sources */ = {isa = PBXBuildFile; fileRef = BADAF42C2D2E83A2002B2ECC /* LastFM.swift */; };
		BADAF42F2D2EC4EA002B2ECC /* AlbumChartResponse.swift in Sources */ = {isa = PBXBuildFile; fileRef = BADAF42E2D2EC4EA002B2ECC /* AlbumChartResponse.swift */; };
		BADAF4312D2EC516002B2ECC /* AlbumEntry.swift in Sources */ = {isa = PBXBuildFile; fileRef = BADAF4302D2EC516002B2ECC /* AlbumEntry.swift */; };
		BADAF4332D2ECEA0002B2ECC /* ArtistChartResponse.swift in Sources */ = {isa = PBXBuildFile; fileRef = BADAF4322D2ECEA0002B2ECC /* ArtistChartResponse.swift */; };
		BADAF4352D2ECF2D002B2ECC /* ArtistEntry.swift in Sources */ = {isa = PBXBuildFile; fileRef = BADAF4342D2ECF2D002B2ECC /* ArtistEntry.swift */; };
		BADAF4372D2F5EE5002B2ECC /* User.swift in Sources */ = {isa = PBXBuildFile; fileRef = BADAF4362D2F5EE5002B2ECC /* User.swift */; };
		BAEE206E2D325FEC00551EA7 /* Settings.swift in Sources */ = {isa = PBXBuildFile; fileRef = BAEE206D2D325FEC00551EA7 /* Settings.swift */; };
		BAEE20702D32629E00551EA7 /* ChartEntryDetailsScreen.swift in Sources */ = {isa = PBXBuildFile; fileRef = BAEE206F2D32629E00551EA7 /* ChartEntryDetailsScreen.swift */; };
		BAEE20722D326B6F00551EA7 /* ChartEntryDetailsViewModel.swift in Sources */ = {isa = PBXBuildFile; fileRef = BAEE20712D326B6F00551EA7 /* ChartEntryDetailsViewModel.swift */; };
		BAEE20772D327F0900551EA7 /* ChartRepository.swift in Sources */ = {isa = PBXBuildFile; fileRef = BAEE20762D327F0900551EA7 /* ChartRepository.swift */; };
		BAEE207A2D327FB200551EA7 /* TopChartEntryUIModel.swift in Sources */ = {isa = PBXBuildFile; fileRef = BAEE20792D327FB200551EA7 /* TopChartEntryUIModel.swift */; };
		BAEE207C2D327FD900551EA7 /* OverallTopChartEntryUIModel.swift in Sources */ = {isa = PBXBuildFile; fileRef = BAEE207B2D327FD900551EA7 /* OverallTopChartEntryUIModel.swift */; };
		BAEE207E2D327FFB00551EA7 /* ChartUIModel.swift in Sources */ = {isa = PBXBuildFile; fileRef = BAEE207D2D327FFB00551EA7 /* ChartUIModel.swift */; };
		BAEE20802D32800C00551EA7 /* ChartEntryUIModel.swift in Sources */ = {isa = PBXBuildFile; fileRef = BAEE207F2D32800C00551EA7 /* ChartEntryUIModel.swift */; };
		BAEE20822D32801B00551EA7 /* ChartEntryDetailsDisplayModel.swift in Sources */ = {isa = PBXBuildFile; fileRef = BAEE20812D32801B00551EA7 /* ChartEntryDetailsDisplayModel.swift */; };
		BAEE20842D32807F00551EA7 /* Chart.swift in Sources */ = {isa = PBXBuildFile; fileRef = BAEE20832D32807F00551EA7 /* Chart.swift */; };
		BAEE20862D32808B00551EA7 /* ChartEntry.swift in Sources */ = {isa = PBXBuildFile; fileRef = BAEE20852D32808B00551EA7 /* ChartEntry.swift */; };
		BAEE20892D3281D100551EA7 /* Artist.swift in Sources */ = {isa = PBXBuildFile; fileRef = BAEE20882D3281D100551EA7 /* Artist.swift */; };
		BAEE208C2D32820200551EA7 /* TrackChartRepository.swift in Sources */ = {isa = PBXBuildFile; fileRef = BAEE208B2D32820200551EA7 /* TrackChartRepository.swift */; };
		BAEE208E2D32826700551EA7 /* AlbumChartRepository.swift in Sources */ = {isa = PBXBuildFile; fileRef = BAEE208D2D32826700551EA7 /* AlbumChartRepository.swift */; };
		BAEE20902D32827C00551EA7 /* ArtistChartRepository.swift in Sources */ = {isa = PBXBuildFile; fileRef = BAEE208F2D32827C00551EA7 /* ArtistChartRepository.swift */; };
		BAEE20942D33A58C00551EA7 /* ChartMovementUIModel.swift in Sources */ = {isa = PBXBuildFile; fileRef = BAEE20932D33A58C00551EA7 /* ChartMovementUIModel.swift */; };
		BAEE20962D33A5A600551EA7 /* ChartRunSnapshotUIModel.swift in Sources */ = {isa = PBXBuildFile; fileRef = BAEE20952D33A5A600551EA7 /* ChartRunSnapshotUIModel.swift */; };
		BAEE20982D33BE3F00551EA7 /* ChartPositionUIModel.swift in Sources */ = {isa = PBXBuildFile; fileRef = BAEE20972D33BE3F00551EA7 /* ChartPositionUIModel.swift */; };
		BAEE209A2D33D92E00551EA7 /* UserUIModel.swift in Sources */ = {isa = PBXBuildFile; fileRef = BAEE20992D33D92E00551EA7 /* UserUIModel.swift */; };
		BAFC4E642D3BE97A00BC5B73 /* ChildChartEntryUIModel.swift in Sources */ = {isa = PBXBuildFile; fileRef = BAFC4E632D3BE97A00BC5B73 /* ChildChartEntryUIModel.swift */; };
		BAFC4E672D3C890F00BC5B73 /* BitCollections in Frameworks */ = {isa = PBXBuildFile; productRef = BAFC4E662D3C890F00BC5B73 /* BitCollections */; };
		BAFC4E692D3C890F00BC5B73 /* Collections in Frameworks */ = {isa = PBXBuildFile; productRef = BAFC4E682D3C890F00BC5B73 /* Collections */; };
		BAFC4E6B2D3C890F00BC5B73 /* DequeModule in Frameworks */ = {isa = PBXBuildFile; productRef = BAFC4E6A2D3C890F00BC5B73 /* DequeModule */; };
		BAFC4E6D2D3C890F00BC5B73 /* HashTreeCollections in Frameworks */ = {isa = PBXBuildFile; productRef = BAFC4E6C2D3C890F00BC5B73 /* HashTreeCollections */; };
		BAFC4E6F2D3C890F00BC5B73 /* HeapModule in Frameworks */ = {isa = PBXBuildFile; productRef = BAFC4E6E2D3C890F00BC5B73 /* HeapModule */; };
		BAFC4E712D3C89F200BC5B73 /* ChartEntryChildEntriesScreen.swift in Sources */ = {isa = PBXBuildFile; fileRef = BAFC4E702D3C89F200BC5B73 /* ChartEntryChildEntriesScreen.swift */; };
/* End PBXBuildFile section */

/* Begin PBXFileReference section */
		BA1707E22D2FE5410036292F /* ChartScreen.swift */ = {isa = PBXFileReference; lastKnownFileType = sourcecode.swift; path = ChartScreen.swift; sourceTree = "<group>"; };
		BA1707E52D2FE5940036292F /* ChartViewModel.swift */ = {isa = PBXFileReference; lastKnownFileType = sourcecode.swift; path = ChartViewModel.swift; sourceTree = "<group>"; };
		BA1707E72D2FF2E20036292F /* TrackChartResponse.swift */ = {isa = PBXFileReference; lastKnownFileType = sourcecode.swift; path = TrackChartResponse.swift; sourceTree = "<group>"; };
		BA253E962D2FF629003121ED /* AlbumChart.swift */ = {isa = PBXFileReference; lastKnownFileType = sourcecode.swift; path = AlbumChart.swift; sourceTree = "<group>"; };
		BA253E982D2FF991003121ED /* ArtistChart.swift */ = {isa = PBXFileReference; lastKnownFileType = sourcecode.swift; path = ArtistChart.swift; sourceTree = "<group>"; };
		BA253E9A2D2FFB1A003121ED /* UserResponse.swift */ = {isa = PBXFileReference; lastKnownFileType = sourcecode.swift; path = UserResponse.swift; sourceTree = "<group>"; };
		BA253E9D2D300909003121ED /* CommonModels.swift */ = {isa = PBXFileReference; lastKnownFileType = sourcecode.swift; path = CommonModels.swift; sourceTree = "<group>"; };
		BA5BA98C2D3FCE2E002859BD /* AllTimeChartsScreen.swift */ = {isa = PBXFileReference; lastKnownFileType = sourcecode.swift; path = AllTimeChartsScreen.swift; sourceTree = "<group>"; };
		BA5BA98E2D3FCE3C002859BD /* AllTimeChartsViewModel.swift */ = {isa = PBXFileReference; lastKnownFileType = sourcecode.swift; path = AllTimeChartsViewModel.swift; sourceTree = "<group>"; };
		BA5BA9902D3FD0A5002859BD /* AllTimeChartEntryUIModel.swift */ = {isa = PBXFileReference; lastKnownFileType = sourcecode.swift; path = AllTimeChartEntryUIModel.swift; sourceTree = "<group>"; };
		BA5F02C42D40EA8B008AF417 /* RalphCharts.app */ = {isa = PBXFileReference; explicitFileType = wrapper.application; includeInIndex = 0; path = RalphCharts.app; sourceTree = BUILT_PRODUCTS_DIR; };
		BA5F030E2D40EADD008AF417 /* CLCharts.app */ = {isa = PBXFileReference; explicitFileType = wrapper.application; includeInIndex = 0; path = CLCharts.app; sourceTree = BUILT_PRODUCTS_DIR; };
		BA6007552D50F93700EF47FE /* WeeklyRecordViewModel.swift */ = {isa = PBXFileReference; lastKnownFileType = sourcecode.swift; path = WeeklyRecordViewModel.swift; sourceTree = "<group>"; };
		BA60075A2D51021F00EF47FE /* CacheKeys.swift */ = {isa = PBXFileReference; lastKnownFileType = sourcecode.swift; path = CacheKeys.swift; sourceTree = "<group>"; };
		BA67D1C82D4DD62900642984 /* Credentials.swift */ = {isa = PBXFileReference; lastKnownFileType = sourcecode.swift; path = Credentials.swift; sourceTree = "<group>"; };
		BA6F11A42D734B2C00CAD5C6 /* FastestRecordScreen.swift */ = {isa = PBXFileReference; lastKnownFileType = sourcecode.swift; path = FastestRecordScreen.swift; sourceTree = "<group>"; };
		BA6F11A82D734BD500CAD5C6 /* FastestRecordViewModel.swift */ = {isa = PBXFileReference; lastKnownFileType = sourcecode.swift; path = FastestRecordViewModel.swift; sourceTree = "<group>"; };
		BA6F11AC2D734C5500CAD5C6 /* FastestRecordUIModel.swift */ = {isa = PBXFileReference; lastKnownFileType = sourcecode.swift; path = FastestRecordUIModel.swift; sourceTree = "<group>"; };
		BA76E4392D35466800D03DFA /* TopChartEntriesScreen.swift */ = {isa = PBXFileReference; lastKnownFileType = sourcecode.swift; path = TopChartEntriesScreen.swift; sourceTree = "<group>"; };
		BA76E43B2D3546B700D03DFA /* TopChartEntriesViewModel.swift */ = {isa = PBXFileReference; lastKnownFileType = sourcecode.swift; path = TopChartEntriesViewModel.swift; sourceTree = "<group>"; };
		BA76E43E2D35475400D03DFA /* UserRepository.swift */ = {isa = PBXFileReference; lastKnownFileType = sourcecode.swift; path = UserRepository.swift; sourceTree = "<group>"; };
		BA76E4402D3558E400D03DFA /* YearEndChartsScreen.swift */ = {isa = PBXFileReference; lastKnownFileType = sourcecode.swift; path = YearEndChartsScreen.swift; sourceTree = "<group>"; };
		BA76E4422D3558EF00D03DFA /* YearEndChartsViewModel.swift */ = {isa = PBXFileReference; lastKnownFileType = sourcecode.swift; path = YearEndChartsViewModel.swift; sourceTree = "<group>"; };
		BA76E4442D35592400D03DFA /* YearEndChartEntryUIModel.swift */ = {isa = PBXFileReference; lastKnownFileType = sourcecode.swift; path = YearEndChartEntryUIModel.swift; sourceTree = "<group>"; };
		BA9398F92D2D604500362719 /* HeliCharts.app */ = {isa = PBXFileReference; explicitFileType = wrapper.application; includeInIndex = 0; path = HeliCharts.app; sourceTree = BUILT_PRODUCTS_DIR; };
		BA9398FC2D2D604500362719 /* HeliChartsApp.swift */ = {isa = PBXFileReference; lastKnownFileType = sourcecode.swift; path = HeliChartsApp.swift; sourceTree = "<group>"; };
		BA9398FE2D2D604500362719 /* IndexScreen.swift */ = {isa = PBXFileReference; lastKnownFileType = sourcecode.swift; path = IndexScreen.swift; sourceTree = "<group>"; };
		BA9399022D2D604700362719 /* Assets.xcassets */ = {isa = PBXFileReference; lastKnownFileType = folder.assetcatalog; path = Assets.xcassets; sourceTree = "<group>"; };
		BA9399052D2D604700362719 /* Preview Assets.xcassets */ = {isa = PBXFileReference; lastKnownFileType = folder.assetcatalog; path = "Preview Assets.xcassets"; sourceTree = "<group>"; };
		BA93990C2D2E1F3800362719 /* IndexViewModel.swift */ = {isa = PBXFileReference; lastKnownFileType = sourcecode.swift; path = IndexViewModel.swift; sourceTree = "<group>"; };
		BA93990E2D2E1F7400362719 /* Helpers.swift */ = {isa = PBXFileReference; lastKnownFileType = sourcecode.swift; path = Helpers.swift; sourceTree = "<group>"; };
		BA9399112D2E1FE600362719 /* TrackChart.swift */ = {isa = PBXFileReference; lastKnownFileType = sourcecode.swift; path = TrackChart.swift; sourceTree = "<group>"; };
		BA9399132D2E200400362719 /* TrackEntry.swift */ = {isa = PBXFileReference; lastKnownFileType = sourcecode.swift; path = TrackEntry.swift; sourceTree = "<group>"; };
		BA97B3CA2D4F69BF004829E7 /* RecordsScreen.swift */ = {isa = PBXFileReference; lastKnownFileType = sourcecode.swift; path = RecordsScreen.swift; sourceTree = "<group>"; };
		BA97B3CC2D4F6A76004829E7 /* WeeklyRecordScreen.swift */ = {isa = PBXFileReference; lastKnownFileType = sourcecode.swift; path = WeeklyRecordScreen.swift; sourceTree = "<group>"; };
		BA97B3CF2D4F9C64004829E7 /* WeeklyRecordUIModel.swift */ = {isa = PBXFileReference; lastKnownFileType = sourcecode.swift; path = WeeklyRecordUIModel.swift; sourceTree = "<group>"; };
		BAA0AD3D2D410380004BB4BE /* ChartEntryDetailCell.swift */ = {isa = PBXFileReference; lastKnownFileType = sourcecode.swift; path = ChartEntryDetailCell.swift; sourceTree = "<group>"; };
		BAAC9BFB2D3E7B3A00629A36 /* AlbumResponse.swift */ = {isa = PBXFileReference; lastKnownFileType = sourcecode.swift; path = AlbumResponse.swift; sourceTree = "<group>"; };
		BAAC9BFD2D3E7CC100629A36 /* Album.swift */ = {isa = PBXFileReference; lastKnownFileType = sourcecode.swift; path = Album.swift; sourceTree = "<group>"; };
		BAAC9BFF2D3E7CD200629A36 /* Track.swift */ = {isa = PBXFileReference; lastKnownFileType = sourcecode.swift; path = Track.swift; sourceTree = "<group>"; };
		BAAC9C012D3E7E6D00629A36 /* AlbumRepository.swift */ = {isa = PBXFileReference; lastKnownFileType = sourcecode.swift; path = AlbumRepository.swift; sourceTree = "<group>"; };
		BADAF42C2D2E83A2002B2ECC /* LastFM.swift */ = {isa = PBXFileReference; lastKnownFileType = sourcecode.swift; path = LastFM.swift; sourceTree = "<group>"; };
		BADAF42E2D2EC4EA002B2ECC /* AlbumChartResponse.swift */ = {isa = PBXFileReference; lastKnownFileType = sourcecode.swift; path = AlbumChartResponse.swift; sourceTree = "<group>"; };
		BADAF4302D2EC516002B2ECC /* AlbumEntry.swift */ = {isa = PBXFileReference; lastKnownFileType = sourcecode.swift; path = AlbumEntry.swift; sourceTree = "<group>"; };
		BADAF4322D2ECEA0002B2ECC /* ArtistChartResponse.swift */ = {isa = PBXFileReference; lastKnownFileType = sourcecode.swift; path = ArtistChartResponse.swift; sourceTree = "<group>"; };
		BADAF4342D2ECF2D002B2ECC /* ArtistEntry.swift */ = {isa = PBXFileReference; lastKnownFileType = sourcecode.swift; path = ArtistEntry.swift; sourceTree = "<group>"; };
		BADAF4362D2F5EE5002B2ECC /* User.swift */ = {isa = PBXFileReference; lastKnownFileType = sourcecode.swift; path = User.swift; sourceTree = "<group>"; };
		BAEE206D2D325FEC00551EA7 /* Settings.swift */ = {isa = PBXFileReference; lastKnownFileType = sourcecode.swift; path = Settings.swift; sourceTree = "<group>"; };
		BAEE206F2D32629E00551EA7 /* ChartEntryDetailsScreen.swift */ = {isa = PBXFileReference; lastKnownFileType = sourcecode.swift; path = ChartEntryDetailsScreen.swift; sourceTree = "<group>"; };
		BAEE20712D326B6F00551EA7 /* ChartEntryDetailsViewModel.swift */ = {isa = PBXFileReference; lastKnownFileType = sourcecode.swift; path = ChartEntryDetailsViewModel.swift; sourceTree = "<group>"; };
		BAEE20762D327F0900551EA7 /* ChartRepository.swift */ = {isa = PBXFileReference; lastKnownFileType = sourcecode.swift; path = ChartRepository.swift; sourceTree = "<group>"; };
		BAEE20792D327FB200551EA7 /* TopChartEntryUIModel.swift */ = {isa = PBXFileReference; lastKnownFileType = sourcecode.swift; path = TopChartEntryUIModel.swift; sourceTree = "<group>"; };
		BAEE207B2D327FD900551EA7 /* OverallTopChartEntryUIModel.swift */ = {isa = PBXFileReference; lastKnownFileType = sourcecode.swift; path = OverallTopChartEntryUIModel.swift; sourceTree = "<group>"; };
		BAEE207D2D327FFB00551EA7 /* ChartUIModel.swift */ = {isa = PBXFileReference; lastKnownFileType = sourcecode.swift; path = ChartUIModel.swift; sourceTree = "<group>"; };
		BAEE207F2D32800C00551EA7 /* ChartEntryUIModel.swift */ = {isa = PBXFileReference; lastKnownFileType = sourcecode.swift; path = ChartEntryUIModel.swift; sourceTree = "<group>"; };
		BAEE20812D32801B00551EA7 /* ChartEntryDetailsDisplayModel.swift */ = {isa = PBXFileReference; lastKnownFileType = sourcecode.swift; path = ChartEntryDetailsDisplayModel.swift; sourceTree = "<group>"; };
		BAEE20832D32807F00551EA7 /* Chart.swift */ = {isa = PBXFileReference; lastKnownFileType = sourcecode.swift; path = Chart.swift; sourceTree = "<group>"; };
		BAEE20852D32808B00551EA7 /* ChartEntry.swift */ = {isa = PBXFileReference; lastKnownFileType = sourcecode.swift; path = ChartEntry.swift; sourceTree = "<group>"; };
		BAEE20882D3281D100551EA7 /* Artist.swift */ = {isa = PBXFileReference; lastKnownFileType = sourcecode.swift; path = Artist.swift; sourceTree = "<group>"; };
		BAEE208B2D32820200551EA7 /* TrackChartRepository.swift */ = {isa = PBXFileReference; lastKnownFileType = sourcecode.swift; path = TrackChartRepository.swift; sourceTree = "<group>"; };
		BAEE208D2D32826700551EA7 /* AlbumChartRepository.swift */ = {isa = PBXFileReference; lastKnownFileType = sourcecode.swift; path = AlbumChartRepository.swift; sourceTree = "<group>"; };
		BAEE208F2D32827C00551EA7 /* ArtistChartRepository.swift */ = {isa = PBXFileReference; lastKnownFileType = sourcecode.swift; path = ArtistChartRepository.swift; sourceTree = "<group>"; };
		BAEE20932D33A58C00551EA7 /* ChartMovementUIModel.swift */ = {isa = PBXFileReference; lastKnownFileType = sourcecode.swift; path = ChartMovementUIModel.swift; sourceTree = "<group>"; };
		BAEE20952D33A5A600551EA7 /* ChartRunSnapshotUIModel.swift */ = {isa = PBXFileReference; lastKnownFileType = sourcecode.swift; path = ChartRunSnapshotUIModel.swift; sourceTree = "<group>"; };
		BAEE20972D33BE3F00551EA7 /* ChartPositionUIModel.swift */ = {isa = PBXFileReference; lastKnownFileType = sourcecode.swift; path = ChartPositionUIModel.swift; sourceTree = "<group>"; };
		BAEE20992D33D92E00551EA7 /* UserUIModel.swift */ = {isa = PBXFileReference; lastKnownFileType = sourcecode.swift; path = UserUIModel.swift; sourceTree = "<group>"; };
		BAFC4E632D3BE97A00BC5B73 /* ChildChartEntryUIModel.swift */ = {isa = PBXFileReference; lastKnownFileType = sourcecode.swift; path = ChildChartEntryUIModel.swift; sourceTree = "<group>"; };
		BAFC4E702D3C89F200BC5B73 /* ChartEntryChildEntriesScreen.swift */ = {isa = PBXFileReference; lastKnownFileType = sourcecode.swift; path = ChartEntryChildEntriesScreen.swift; sourceTree = "<group>"; };
/* End PBXFileReference section */

/* Begin PBXFrameworksBuildPhase section */
		BA5F02B82D40EA8B008AF417 /* Frameworks */ = {
			isa = PBXFrameworksBuildPhase;
			buildActionMask = 2147483647;
			files = (
				BA5F02B92D40EA8B008AF417 /* Collections in Frameworks */,
				BA5F02BA2D40EA8B008AF417 /* HeapModule in Frameworks */,
				BA5F02BB2D40EA8B008AF417 /* BitCollections in Frameworks */,
				BA5F02BC2D40EA8B008AF417 /* HashTreeCollections in Frameworks */,
				BA5F02BD2D40EA8B008AF417 /* DequeModule in Frameworks */,
			);
			runOnlyForDeploymentPostprocessing = 0;
		};
		BA5F03022D40EADD008AF417 /* Frameworks */ = {
			isa = PBXFrameworksBuildPhase;
			buildActionMask = 2147483647;
			files = (
				BA5F03032D40EADD008AF417 /* Collections in Frameworks */,
				BA5F03042D40EADD008AF417 /* HeapModule in Frameworks */,
				BA5F03052D40EADD008AF417 /* BitCollections in Frameworks */,
				BA5F03062D40EADD008AF417 /* HashTreeCollections in Frameworks */,
				BA5F03072D40EADD008AF417 /* DequeModule in Frameworks */,
			);
			runOnlyForDeploymentPostprocessing = 0;
		};
		BA9398F62D2D604500362719 /* Frameworks */ = {
			isa = PBXFrameworksBuildPhase;
			buildActionMask = 2147483647;
			files = (
				BAFC4E692D3C890F00BC5B73 /* Collections in Frameworks */,
				BAFC4E6F2D3C890F00BC5B73 /* HeapModule in Frameworks */,
				BAFC4E672D3C890F00BC5B73 /* BitCollections in Frameworks */,
				BAFC4E6D2D3C890F00BC5B73 /* HashTreeCollections in Frameworks */,
				BAFC4E6B2D3C890F00BC5B73 /* DequeModule in Frameworks */,
			);
			runOnlyForDeploymentPostprocessing = 0;
		};
/* End PBXFrameworksBuildPhase section */

/* Begin PBXGroup section */
		BA0654472D52F2F500C9B8BB /* Records */ = {
			isa = PBXGroup;
			children = (
				BA6007552D50F93700EF47FE /* WeeklyRecordViewModel.swift */,
				BA6F11A82D734BD500CAD5C6 /* FastestRecordViewModel.swift */,
			);
			path = Records;
			sourceTree = "<group>";
		};
		BA1707E42D2FE54B0036292F /* View Models */ = {
			isa = PBXGroup;
			children = (
				BA93990C2D2E1F3800362719 /* IndexViewModel.swift */,
				BA76E43B2D3546B700D03DFA /* TopChartEntriesViewModel.swift */,
				BA1707E52D2FE5940036292F /* ChartViewModel.swift */,
				BAEE20712D326B6F00551EA7 /* ChartEntryDetailsViewModel.swift */,
				BA76E4422D3558EF00D03DFA /* YearEndChartsViewModel.swift */,
				BA5BA98E2D3FCE3C002859BD /* AllTimeChartsViewModel.swift */,
				BA0654472D52F2F500C9B8BB /* Records */,
			);
			path = "View Models";
			sourceTree = "<group>";
		};
		BA253E9C2D2FFB2C003121ED /* Responses */ = {
			isa = PBXGroup;
			children = (
				BA1707E72D2FF2E20036292F /* TrackChartResponse.swift */,
				BADAF42E2D2EC4EA002B2ECC /* AlbumChartResponse.swift */,
				BADAF4322D2ECEA0002B2ECC /* ArtistChartResponse.swift */,
				BA253E9A2D2FFB1A003121ED /* UserResponse.swift */,
				BAAC9BFB2D3E7B3A00629A36 /* AlbumResponse.swift */,
			);
			path = Responses;
			sourceTree = "<group>";
		};
		BA67D1CC2D4DD93100642984 /* Screens */ = {
			isa = PBXGroup;
			children = (
				BA9398FE2D2D604500362719 /* IndexScreen.swift */,
				BA76E4392D35466800D03DFA /* TopChartEntriesScreen.swift */,
				BA1707E22D2FE5410036292F /* ChartScreen.swift */,
				BAEE206F2D32629E00551EA7 /* ChartEntryDetailsScreen.swift */,
				BAFC4E702D3C89F200BC5B73 /* ChartEntryChildEntriesScreen.swift */,
				BA76E4402D3558E400D03DFA /* YearEndChartsScreen.swift */,
				BA5BA98C2D3FCE2E002859BD /* AllTimeChartsScreen.swift */,
				BA97B3CA2D4F69BF004829E7 /* RecordsScreen.swift */,
				BA97B3CE2D4F9C0A004829E7 /* Records */,
			);
			path = Screens;
			sourceTree = "<group>";
		};
		BA67D1CD2D4DD94E00642984 /* Utility */ = {
			isa = PBXGroup;
			children = (
				BADAF42C2D2E83A2002B2ECC /* LastFM.swift */,
				BA93990E2D2E1F7400362719 /* Helpers.swift */,
				BAEE206D2D325FEC00551EA7 /* Settings.swift */,
				BA67D1C82D4DD62900642984 /* Credentials.swift */,
			);
			path = Utility;
			sourceTree = "<group>";
		};
		BA9398F02D2D604500362719 = {
			isa = PBXGroup;
			children = (
				BA9398FB2D2D604500362719 /* HeliCharts */,
				BA9398FA2D2D604500362719 /* Products */,
			);
			sourceTree = "<group>";
		};
		BA9398FA2D2D604500362719 /* Products */ = {
			isa = PBXGroup;
			children = (
				BA9398F92D2D604500362719 /* HeliCharts.app */,
				BA5F02C42D40EA8B008AF417 /* RalphCharts.app */,
				BA5F030E2D40EADD008AF417 /* CLCharts.app */,
			);
			name = Products;
			sourceTree = "<group>";
		};
		BA9398FB2D2D604500362719 /* HeliCharts */ = {
			isa = PBXGroup;
			children = (
				BA9398FC2D2D604500362719 /* HeliChartsApp.swift */,
				BA67D1CC2D4DD93100642984 /* Screens */,
				BAA0AD3C2D410350004BB4BE /* Reusable Views */,
				BA1707E42D2FE54B0036292F /* View Models */,
				BA9399102D2E1FCC00362719 /* Models */,
				BA67D1CD2D4DD94E00642984 /* Utility */,
				BA9399022D2D604700362719 /* Assets.xcassets */,
				BA9399042D2D604700362719 /* Preview Content */,
			);
			path = HeliCharts;
			sourceTree = "<group>";
		};
		BA9399042D2D604700362719 /* Preview Content */ = {
			isa = PBXGroup;
			children = (
				BA9399052D2D604700362719 /* Preview Assets.xcassets */,
			);
			path = "Preview Content";
			sourceTree = "<group>";
		};
		BA9399102D2E1FCC00362719 /* Models */ = {
			isa = PBXGroup;
			children = (
				BA253E9C2D2FFB2C003121ED /* Responses */,
				BAEE20752D327EFB00551EA7 /* Protocols */,
				BAEE20872D3281A500551EA7 /* Data Models */,
				BAEE20782D327FA000551EA7 /* UI Models */,
				BAEE208A2D3281F400551EA7 /* Repositories */,
				BA253E9D2D300909003121ED /* CommonModels.swift */,
				BA60075A2D51021F00EF47FE /* CacheKeys.swift */,
			);
			path = Models;
			sourceTree = "<group>";
		};
		BA97B3CE2D4F9C0A004829E7 /* Records */ = {
			isa = PBXGroup;
			children = (
				BA97B3CC2D4F6A76004829E7 /* WeeklyRecordScreen.swift */,
				BA6F11A42D734B2C00CAD5C6 /* FastestRecordScreen.swift */,
			);
			path = Records;
			sourceTree = "<group>";
		};
		BAA0AD3C2D410350004BB4BE /* Reusable Views */ = {
			isa = PBXGroup;
			children = (
				BAA0AD3D2D410380004BB4BE /* ChartEntryDetailCell.swift */,
			);
			path = "Reusable Views";
			sourceTree = "<group>";
		};
		BAEE20752D327EFB00551EA7 /* Protocols */ = {
			isa = PBXGroup;
			children = (
				BAEE20762D327F0900551EA7 /* ChartRepository.swift */,
				BAEE20832D32807F00551EA7 /* Chart.swift */,
				BAEE20852D32808B00551EA7 /* ChartEntry.swift */,
			);
			path = Protocols;
			sourceTree = "<group>";
		};
		BAEE20782D327FA000551EA7 /* UI Models */ = {
			isa = PBXGroup;
			children = (
				BAEE20992D33D92E00551EA7 /* UserUIModel.swift */,
				BAEE20792D327FB200551EA7 /* TopChartEntryUIModel.swift */,
				BAEE207B2D327FD900551EA7 /* OverallTopChartEntryUIModel.swift */,
				BAEE207D2D327FFB00551EA7 /* ChartUIModel.swift */,
				BAEE207F2D32800C00551EA7 /* ChartEntryUIModel.swift */,
				BAEE20812D32801B00551EA7 /* ChartEntryDetailsDisplayModel.swift */,
				BAEE20932D33A58C00551EA7 /* ChartMovementUIModel.swift */,
				BAEE20952D33A5A600551EA7 /* ChartRunSnapshotUIModel.swift */,
				BAEE20972D33BE3F00551EA7 /* ChartPositionUIModel.swift */,
				BAFC4E632D3BE97A00BC5B73 /* ChildChartEntryUIModel.swift */,
				BA76E4442D35592400D03DFA /* YearEndChartEntryUIModel.swift */,
				BA5BA9902D3FD0A5002859BD /* AllTimeChartEntryUIModel.swift */,
				BA97B3CF2D4F9C64004829E7 /* WeeklyRecordUIModel.swift */,
				BA6F11AC2D734C5500CAD5C6 /* FastestRecordUIModel.swift */,
			);
			path = "UI Models";
			sourceTree = "<group>";
		};
		BAEE20872D3281A500551EA7 /* Data Models */ = {
			isa = PBXGroup;
			children = (
				BA9399112D2E1FE600362719 /* TrackChart.swift */,
				BA253E962D2FF629003121ED /* AlbumChart.swift */,
				BA253E982D2FF991003121ED /* ArtistChart.swift */,
				BA9399132D2E200400362719 /* TrackEntry.swift */,
				BADAF4302D2EC516002B2ECC /* AlbumEntry.swift */,
				BADAF4342D2ECF2D002B2ECC /* ArtistEntry.swift */,
				BAEE20882D3281D100551EA7 /* Artist.swift */,
				BADAF4362D2F5EE5002B2ECC /* User.swift */,
				BAAC9BFD2D3E7CC100629A36 /* Album.swift */,
				BAAC9BFF2D3E7CD200629A36 /* Track.swift */,
			);
			path = "Data Models";
			sourceTree = "<group>";
		};
		BAEE208A2D3281F400551EA7 /* Repositories */ = {
			isa = PBXGroup;
			children = (
				BA76E43E2D35475400D03DFA /* UserRepository.swift */,
				BAAC9C012D3E7E6D00629A36 /* AlbumRepository.swift */,
				BAEE208B2D32820200551EA7 /* TrackChartRepository.swift */,
				BAEE208D2D32826700551EA7 /* AlbumChartRepository.swift */,
				BAEE208F2D32827C00551EA7 /* ArtistChartRepository.swift */,
			);
			path = Repositories;
			sourceTree = "<group>";
		};
/* End PBXGroup section */

/* Begin PBXNativeTarget section */
		BA5F027B2D40EA8B008AF417 /* RalphCharts */ = {
			isa = PBXNativeTarget;
			buildConfigurationList = BA5F02C12D40EA8B008AF417 /* Build configuration list for PBXNativeTarget "RalphCharts" */;
			buildPhases = (
				BA5F02822D40EA8B008AF417 /* Sources */,
				BA5F02B82D40EA8B008AF417 /* Frameworks */,
				BA5F02BE2D40EA8B008AF417 /* Resources */,
			);
			buildRules = (
			);
			dependencies = (
				BA67D1D22D4DF81E00642984 /* PBXTargetDependency */,
			);
			name = RalphCharts;
			packageProductDependencies = (
				BA5F027C2D40EA8B008AF417 /* BitCollections */,
				BA5F027E2D40EA8B008AF417 /* Collections */,
				BA5F027F2D40EA8B008AF417 /* DequeModule */,
				BA5F02802D40EA8B008AF417 /* HashTreeCollections */,
				BA5F02812D40EA8B008AF417 /* HeapModule */,
			);
			productName = HeliCharts;
			productReference = BA5F02C42D40EA8B008AF417 /* RalphCharts.app */;
			productType = "com.apple.product-type.application";
		};
		BA5F02C52D40EADD008AF417 /* CLCharts */ = {
			isa = PBXNativeTarget;
			buildConfigurationList = BA5F030B2D40EADD008AF417 /* Build configuration list for PBXNativeTarget "CLCharts" */;
			buildPhases = (
				BA5F02CC2D40EADD008AF417 /* Sources */,
				BA5F03022D40EADD008AF417 /* Frameworks */,
				BA5F03082D40EADD008AF417 /* Resources */,
			);
			buildRules = (
			);
			dependencies = (
				BA67D1D42D4DF82000642984 /* PBXTargetDependency */,
			);
			name = CLCharts;
			packageProductDependencies = (
				BA5F02C62D40EADD008AF417 /* BitCollections */,
				BA5F02C82D40EADD008AF417 /* Collections */,
				BA5F02C92D40EADD008AF417 /* DequeModule */,
				BA5F02CA2D40EADD008AF417 /* HashTreeCollections */,
				BA5F02CB2D40EADD008AF417 /* HeapModule */,
			);
			productName = HeliCharts;
			productReference = BA5F030E2D40EADD008AF417 /* CLCharts.app */;
			productType = "com.apple.product-type.application";
		};
		BA9398F82D2D604500362719 /* HeliCharts */ = {
			isa = PBXNativeTarget;
			buildConfigurationList = BA9399092D2D604700362719 /* Build configuration list for PBXNativeTarget "HeliCharts" */;
			buildPhases = (
				BA9398F52D2D604500362719 /* Sources */,
				BA9398F62D2D604500362719 /* Frameworks */,
				BA9398F72D2D604500362719 /* Resources */,
			);
			buildRules = (
			);
			dependencies = (
				BA67D1D02D4DF81900642984 /* PBXTargetDependency */,
			);
			name = HeliCharts;
			packageProductDependencies = (
				BAFC4E662D3C890F00BC5B73 /* BitCollections */,
				BAFC4E682D3C890F00BC5B73 /* Collections */,
				BAFC4E6A2D3C890F00BC5B73 /* DequeModule */,
				BAFC4E6C2D3C890F00BC5B73 /* HashTreeCollections */,
				BAFC4E6E2D3C890F00BC5B73 /* HeapModule */,
			);
			productName = HeliCharts;
			productReference = BA9398F92D2D604500362719 /* HeliCharts.app */;
			productType = "com.apple.product-type.application";
		};
/* End PBXNativeTarget section */

/* Begin PBXProject section */
		BA9398F12D2D604500362719 /* Project object */ = {
			isa = PBXProject;
			attributes = {
				BuildIndependentTargetsInParallel = 1;
				LastSwiftUpdateCheck = 1520;
				LastUpgradeCheck = 1520;
				TargetAttributes = {
					BA9398F82D2D604500362719 = {
						CreatedOnToolsVersion = 15.2;
					};
				};
			};
			buildConfigurationList = BA9398F42D2D604500362719 /* Build configuration list for PBXProject "HeliCharts" */;
			compatibilityVersion = "Xcode 14.0";
			developmentRegion = en;
			hasScannedForEncodings = 0;
			knownRegions = (
				en,
				Base,
			);
			mainGroup = BA9398F02D2D604500362719;
			packageReferences = (
				BAFC4E652D3C890F00BC5B73 /* XCRemoteSwiftPackageReference "swift-collections" */,
				BA67D1CE2D4DF80C00642984 /* XCRemoteSwiftPackageReference "SwiftLintPlugins" */,
			);
			productRefGroup = BA9398FA2D2D604500362719 /* Products */;
			projectDirPath = "";
			projectRoot = "";
			targets = (
				BA9398F82D2D604500362719 /* HeliCharts */,
				BA5F027B2D40EA8B008AF417 /* RalphCharts */,
				BA5F02C52D40EADD008AF417 /* CLCharts */,
			);
		};
/* End PBXProject section */

/* Begin PBXResourcesBuildPhase section */
		BA5F02BE2D40EA8B008AF417 /* Resources */ = {
			isa = PBXResourcesBuildPhase;
			buildActionMask = 2147483647;
			files = (
				BA5F02BF2D40EA8B008AF417 /* Preview Assets.xcassets in Resources */,
				BA5F02C02D40EA8B008AF417 /* Assets.xcassets in Resources */,
			);
			runOnlyForDeploymentPostprocessing = 0;
		};
		BA5F03082D40EADD008AF417 /* Resources */ = {
			isa = PBXResourcesBuildPhase;
			buildActionMask = 2147483647;
			files = (
				BA5F03092D40EADD008AF417 /* Preview Assets.xcassets in Resources */,
				BA5F030A2D40EADD008AF417 /* Assets.xcassets in Resources */,
			);
			runOnlyForDeploymentPostprocessing = 0;
		};
		BA9398F72D2D604500362719 /* Resources */ = {
			isa = PBXResourcesBuildPhase;
			buildActionMask = 2147483647;
			files = (
				BA9399062D2D604700362719 /* Preview Assets.xcassets in Resources */,
				BA9399032D2D604700362719 /* Assets.xcassets in Resources */,
			);
			runOnlyForDeploymentPostprocessing = 0;
		};
/* End PBXResourcesBuildPhase section */

/* Begin PBXSourcesBuildPhase section */
		BA5F02822D40EA8B008AF417 /* Sources */ = {
			isa = PBXSourcesBuildPhase;
			buildActionMask = 2147483647;
			files = (
				BA5F02832D40EA8B008AF417 /* OverallTopChartEntryUIModel.swift in Sources */,
				BA5F02842D40EA8B008AF417 /* ChartScreen.swift in Sources */,
				BA5F02852D40EA8B008AF417 /* ChartEntryDetailsScreen.swift in Sources */,
				BA5F02862D40EA8B008AF417 /* AlbumResponse.swift in Sources */,
				BA5F02872D40EA8B008AF417 /* ArtistChartResponse.swift in Sources */,
				BA5F02882D40EA8B008AF417 /* ChartRepository.swift in Sources */,
				BA5F02892D40EA8B008AF417 /* IndexScreen.swift in Sources */,
				BA5F028A2D40EA8B008AF417 /* TrackChartRepository.swift in Sources */,
				BA5F028B2D40EA8B008AF417 /* ChartRunSnapshotUIModel.swift in Sources */,
				BA5F028C2D40EA8B008AF417 /* ChartMovementUIModel.swift in Sources */,
				BA5F028D2D40EA8B008AF417 /* TrackChart.swift in Sources */,
				BA62D02D2D578482002FF68B /* WeeklyRecordUIModel.swift in Sources */,
				BA6F11AE2D734C5500CAD5C6 /* FastestRecordUIModel.swift in Sources */,
				BA5F028E2D40EA8B008AF417 /* YearEndChartsScreen.swift in Sources */,
				BA5F028F2D40EA8B008AF417 /* ChartPositionUIModel.swift in Sources */,
				BA5F02902D40EA8B008AF417 /* AllTimeChartsViewModel.swift in Sources */,
				BA5F02912D40EA8B008AF417 /* LastFM.swift in Sources */,
				BA5F02922D40EA8B008AF417 /* TopChartEntriesScreen.swift in Sources */,
				BA5F02932D40EA8B008AF417 /* UserUIModel.swift in Sources */,
				BA5F02942D40EA8B008AF417 /* ArtistChart.swift in Sources */,
				BA5F02952D40EA8B008AF417 /* YearEndChartEntryUIModel.swift in Sources */,
				BA5F02962D40EA8B008AF417 /* CommonModels.swift in Sources */,
				BA5F02972D40EA8B008AF417 /* IndexViewModel.swift in Sources */,
				BA5F02982D40EA8B008AF417 /* User.swift in Sources */,
				BA5F02992D40EA8B008AF417 /* TopChartEntriesViewModel.swift in Sources */,
				BA5F029A2D40EA8B008AF417 /* AllTimeChartsScreen.swift in Sources */,
				BA62D02F2D57849F002FF68B /* RecordsScreen.swift in Sources */,
				BA5F029B2D40EA8B008AF417 /* ChartEntryUIModel.swift in Sources */,
				BA5F029C2D40EA8B008AF417 /* AlbumRepository.swift in Sources */,
				BA5F029D2D40EA8B008AF417 /* Album.swift in Sources */,
				BA5F029E2D40EA8B008AF417 /* ChartEntry.swift in Sources */,
				BA5F029F2D40EA8B008AF417 /* ChildChartEntryUIModel.swift in Sources */,
				BA5F02A02D40EA8B008AF417 /* Chart.swift in Sources */,
				BA5F02A12D40EA8B008AF417 /* YearEndChartsViewModel.swift in Sources */,
				BA5F02A22D40EA8B008AF417 /* AlbumChartRepository.swift in Sources */,
				BA5F02A32D40EA8B008AF417 /* HeliChartsApp.swift in Sources */,
				BA5F02A42D40EA8B008AF417 /* Helpers.swift in Sources */,
				BA5F02A52D40EA8B008AF417 /* ChartEntryDetailsDisplayModel.swift in Sources */,
				BA5F02A62D40EA8B008AF417 /* ArtistEntry.swift in Sources */,
				BA5F02A72D40EA8B008AF417 /* TrackChartResponse.swift in Sources */,
				BA5F02A82D40EA8B008AF417 /* Track.swift in Sources */,
				BA5F02A92D40EA8B008AF417 /* ChartUIModel.swift in Sources */,
				BA5F02AA2D40EA8B008AF417 /* TrackEntry.swift in Sources */,
				BA5F02AB2D40EA8B008AF417 /* ChartEntryChildEntriesScreen.swift in Sources */,
				BA5F02AC2D40EA8B008AF417 /* UserRepository.swift in Sources */,
				BA5F02AD2D40EA8B008AF417 /* AlbumEntry.swift in Sources */,
				BA5F02AE2D40EA8B008AF417 /* UserResponse.swift in Sources */,
				BA6007572D50F93700EF47FE /* WeeklyRecordViewModel.swift in Sources */,
				BA6F11A62D734B2C00CAD5C6 /* FastestRecordScreen.swift in Sources */,
				BA5F02AF2D40EA8B008AF417 /* AllTimeChartEntryUIModel.swift in Sources */,
				BA8AD61A2D478FCE00902FF1 /* ChartEntryDetailCell.swift in Sources */,
				BA5F02B02D40EA8B008AF417 /* Artist.swift in Sources */,
				BA67D1CA2D4DD62900642984 /* Credentials.swift in Sources */,
				BA5F02B12D40EA8B008AF417 /* ChartEntryDetailsViewModel.swift in Sources */,
				BA5F02B22D40EA8B008AF417 /* AlbumChartResponse.swift in Sources */,
				BA62D0312D5784D7002FF68B /* WeeklyRecordScreen.swift in Sources */,
				BA5F02B32D40EA8B008AF417 /* ChartViewModel.swift in Sources */,
				BA5F02B42D40EA8B008AF417 /* Settings.swift in Sources */,
				BA60075C2D51021F00EF47FE /* CacheKeys.swift in Sources */,
				BA5F02B52D40EA8B008AF417 /* TopChartEntryUIModel.swift in Sources */,
				BA5F02B62D40EA8B008AF417 /* ArtistChartRepository.swift in Sources */,
				BA6F11AA2D734BD500CAD5C6 /* FastestRecordViewModel.swift in Sources */,
				BA5F02B72D40EA8B008AF417 /* AlbumChart.swift in Sources */,
			);
			runOnlyForDeploymentPostprocessing = 0;
		};
		BA5F02CC2D40EADD008AF417 /* Sources */ = {
			isa = PBXSourcesBuildPhase;
			buildActionMask = 2147483647;
			files = (
				BA5F02CD2D40EADD008AF417 /* OverallTopChartEntryUIModel.swift in Sources */,
				BA5F02CE2D40EADD008AF417 /* ChartScreen.swift in Sources */,
				BA5F02CF2D40EADD008AF417 /* ChartEntryDetailsScreen.swift in Sources */,
				BA5F02D02D40EADD008AF417 /* AlbumResponse.swift in Sources */,
				BA5F02D12D40EADD008AF417 /* ArtistChartResponse.swift in Sources */,
				BA5F02D22D40EADD008AF417 /* ChartRepository.swift in Sources */,
				BA5F02D32D40EADD008AF417 /* IndexScreen.swift in Sources */,
				BA5F02D42D40EADD008AF417 /* TrackChartRepository.swift in Sources */,
				BA5F02D52D40EADD008AF417 /* ChartRunSnapshotUIModel.swift in Sources */,
				BA5F02D62D40EADD008AF417 /* ChartMovementUIModel.swift in Sources */,
				BA5F02D72D40EADD008AF417 /* TrackChart.swift in Sources */,
				BA62D02E2D578483002FF68B /* WeeklyRecordUIModel.swift in Sources */,
				BA6F11AF2D734C5500CAD5C6 /* FastestRecordUIModel.swift in Sources */,
				BA5F02D82D40EADD008AF417 /* YearEndChartsScreen.swift in Sources */,
				BA5F02D92D40EADD008AF417 /* ChartPositionUIModel.swift in Sources */,
				BA5F02DA2D40EADD008AF417 /* AllTimeChartsViewModel.swift in Sources */,
				BA5F02DB2D40EADD008AF417 /* LastFM.swift in Sources */,
				BA5F02DC2D40EADD008AF417 /* TopChartEntriesScreen.swift in Sources */,
				BA5F02DD2D40EADD008AF417 /* UserUIModel.swift in Sources */,
				BA5F02DE2D40EADD008AF417 /* ArtistChart.swift in Sources */,
				BA5F02DF2D40EADD008AF417 /* YearEndChartEntryUIModel.swift in Sources */,
				BA5F02E02D40EADD008AF417 /* CommonModels.swift in Sources */,
				BA5F02E12D40EADD008AF417 /* IndexViewModel.swift in Sources */,
				BA5F02E22D40EADD008AF417 /* User.swift in Sources */,
				BA5F02E32D40EADD008AF417 /* TopChartEntriesViewModel.swift in Sources */,
				BA5F02E42D40EADD008AF417 /* AllTimeChartsScreen.swift in Sources */,
				BA62D0302D5784A0002FF68B /* RecordsScreen.swift in Sources */,
				BA5F02E52D40EADD008AF417 /* ChartEntryUIModel.swift in Sources */,
				BA5F02E62D40EADD008AF417 /* AlbumRepository.swift in Sources */,
				BA5F02E72D40EADD008AF417 /* Album.swift in Sources */,
				BA5F02E82D40EADD008AF417 /* ChartEntry.swift in Sources */,
				BA5F02E92D40EADD008AF417 /* ChildChartEntryUIModel.swift in Sources */,
				BA5F02EA2D40EADD008AF417 /* Chart.swift in Sources */,
				BA5F02EB2D40EADD008AF417 /* YearEndChartsViewModel.swift in Sources */,
				BA5F02EC2D40EADD008AF417 /* AlbumChartRepository.swift in Sources */,
				BA5F02ED2D40EADD008AF417 /* HeliChartsApp.swift in Sources */,
				BA5F02EE2D40EADD008AF417 /* Helpers.swift in Sources */,
				BA5F02EF2D40EADD008AF417 /* ChartEntryDetailsDisplayModel.swift in Sources */,
				BA5F02F02D40EADD008AF417 /* ArtistEntry.swift in Sources */,
				BA5F02F12D40EADD008AF417 /* TrackChartResponse.swift in Sources */,
				BA5F02F22D40EADD008AF417 /* Track.swift in Sources */,
				BA5F02F32D40EADD008AF417 /* ChartUIModel.swift in Sources */,
				BA5F02F42D40EADD008AF417 /* TrackEntry.swift in Sources */,
				BA5F02F52D40EADD008AF417 /* ChartEntryChildEntriesScreen.swift in Sources */,
				BA5F02F62D40EADD008AF417 /* UserRepository.swift in Sources */,
				BA5F02F72D40EADD008AF417 /* AlbumEntry.swift in Sources */,
				BA5F02F82D40EADD008AF417 /* UserResponse.swift in Sources */,
				BA6007582D50F93700EF47FE /* WeeklyRecordViewModel.swift in Sources */,
				BA6F11A72D734B2C00CAD5C6 /* FastestRecordScreen.swift in Sources */,
				BA5F02F92D40EADD008AF417 /* AllTimeChartEntryUIModel.swift in Sources */,
				BA8AD61B2D478FCE00902FF1 /* ChartEntryDetailCell.swift in Sources */,
				BA5F02FA2D40EADD008AF417 /* Artist.swift in Sources */,
				BA67D1CB2D4DD62900642984 /* Credentials.swift in Sources */,
				BA5F02FB2D40EADD008AF417 /* ChartEntryDetailsViewModel.swift in Sources */,
				BA5F02FC2D40EADD008AF417 /* AlbumChartResponse.swift in Sources */,
				BA62D0322D5784D8002FF68B /* WeeklyRecordScreen.swift in Sources */,
				BA5F02FD2D40EADD008AF417 /* ChartViewModel.swift in Sources */,
				BA5F02FE2D40EADD008AF417 /* Settings.swift in Sources */,
				BA60075D2D51021F00EF47FE /* CacheKeys.swift in Sources */,
				BA5F02FF2D40EADD008AF417 /* TopChartEntryUIModel.swift in Sources */,
				BA5F03002D40EADD008AF417 /* ArtistChartRepository.swift in Sources */,
				BA6F11AB2D734BD500CAD5C6 /* FastestRecordViewModel.swift in Sources */,
				BA5F03012D40EADD008AF417 /* AlbumChart.swift in Sources */,
			);
			runOnlyForDeploymentPostprocessing = 0;
		};
		BA9398F52D2D604500362719 /* Sources */ = {
			isa = PBXSourcesBuildPhase;
			buildActionMask = 2147483647;
			files = (
				BAEE207C2D327FD900551EA7 /* OverallTopChartEntryUIModel.swift in Sources */,
				BA1707E32D2FE5410036292F /* ChartScreen.swift in Sources */,
				BAEE20702D32629E00551EA7 /* ChartEntryDetailsScreen.swift in Sources */,
				BAAC9BFC2D3E7B3A00629A36 /* AlbumResponse.swift in Sources */,
				BADAF4332D2ECEA0002B2ECC /* ArtistChartResponse.swift in Sources */,
				BAEE20772D327F0900551EA7 /* ChartRepository.swift in Sources */,
				BA9398FF2D2D604500362719 /* IndexScreen.swift in Sources */,
				BAEE208C2D32820200551EA7 /* TrackChartRepository.swift in Sources */,
				BA97B3CB2D4F69BF004829E7 /* RecordsScreen.swift in Sources */,
				BAEE20962D33A5A600551EA7 /* ChartRunSnapshotUIModel.swift in Sources */,
				BAEE20942D33A58C00551EA7 /* ChartMovementUIModel.swift in Sources */,
				BA9399122D2E1FE600362719 /* TrackChart.swift in Sources */,
				BA6F11AD2D734C5500CAD5C6 /* FastestRecordUIModel.swift in Sources */,
				BA76E4412D3558E400D03DFA /* YearEndChartsScreen.swift in Sources */,
				BAEE20982D33BE3F00551EA7 /* ChartPositionUIModel.swift in Sources */,
				BA5BA98F2D3FCE3C002859BD /* AllTimeChartsViewModel.swift in Sources */,
				BADAF42D2D2E83A2002B2ECC /* LastFM.swift in Sources */,
				BA76E43A2D35466800D03DFA /* TopChartEntriesScreen.swift in Sources */,
				BAEE209A2D33D92E00551EA7 /* UserUIModel.swift in Sources */,
				BA253E992D2FF991003121ED /* ArtistChart.swift in Sources */,
				BA76E4452D35592400D03DFA /* YearEndChartEntryUIModel.swift in Sources */,
				BA253E9E2D300909003121ED /* CommonModels.swift in Sources */,
				BA93990D2D2E1F3800362719 /* IndexViewModel.swift in Sources */,
				BADAF4372D2F5EE5002B2ECC /* User.swift in Sources */,
				BA76E43C2D3546B700D03DFA /* TopChartEntriesViewModel.swift in Sources */,
				BA5BA98D2D3FCE2E002859BD /* AllTimeChartsScreen.swift in Sources */,
				BAEE20802D32800C00551EA7 /* ChartEntryUIModel.swift in Sources */,
				BAAC9C022D3E7E6D00629A36 /* AlbumRepository.swift in Sources */,
				BAAC9BFE2D3E7CC100629A36 /* Album.swift in Sources */,
				BAEE20862D32808B00551EA7 /* ChartEntry.swift in Sources */,
				BA97B3CD2D4F6A76004829E7 /* WeeklyRecordScreen.swift in Sources */,
				BAFC4E642D3BE97A00BC5B73 /* ChildChartEntryUIModel.swift in Sources */,
				BAEE20842D32807F00551EA7 /* Chart.swift in Sources */,
				BA76E4432D3558EF00D03DFA /* YearEndChartsViewModel.swift in Sources */,
				BAEE208E2D32826700551EA7 /* AlbumChartRepository.swift in Sources */,
				BA9398FD2D2D604500362719 /* HeliChartsApp.swift in Sources */,
				BA93990F2D2E1F7400362719 /* Helpers.swift in Sources */,
				BAEE20822D32801B00551EA7 /* ChartEntryDetailsDisplayModel.swift in Sources */,
				BA97B3D02D4F9C64004829E7 /* WeeklyRecordUIModel.swift in Sources */,
				BADAF4352D2ECF2D002B2ECC /* ArtistEntry.swift in Sources */,
				BA1707E82D2FF2E20036292F /* TrackChartResponse.swift in Sources */,
				BAAC9C002D3E7CD200629A36 /* Track.swift in Sources */,
				BAEE207E2D327FFB00551EA7 /* ChartUIModel.swift in Sources */,
				BA9399142D2E200400362719 /* TrackEntry.swift in Sources */,
				BAFC4E712D3C89F200BC5B73 /* ChartEntryChildEntriesScreen.swift in Sources */,
				BA76E43F2D35475400D03DFA /* UserRepository.swift in Sources */,
				BADAF4312D2EC516002B2ECC /* AlbumEntry.swift in Sources */,
				BA253E9B2D2FFB1A003121ED /* UserResponse.swift in Sources */,
				BA6F11A52D734B2C00CAD5C6 /* FastestRecordScreen.swift in Sources */,
				BA5BA9912D3FD0A5002859BD /* AllTimeChartEntryUIModel.swift in Sources */,
				BAA0AD3E2D410380004BB4BE /* ChartEntryDetailCell.swift in Sources */,
				BAEE20892D3281D100551EA7 /* Artist.swift in Sources */,
				BA60075B2D51021F00EF47FE /* CacheKeys.swift in Sources */,
				BA67D1C92D4DD62900642984 /* Credentials.swift in Sources */,
				BAEE20722D326B6F00551EA7 /* ChartEntryDetailsViewModel.swift in Sources */,
				BADAF42F2D2EC4EA002B2ECC /* AlbumChartResponse.swift in Sources */,
				BA1707E62D2FE5940036292F /* ChartViewModel.swift in Sources */,
				BAEE206E2D325FEC00551EA7 /* Settings.swift in Sources */,
				BA6007562D50F93700EF47FE /* WeeklyRecordViewModel.swift in Sources */,
				BAEE207A2D327FB200551EA7 /* TopChartEntryUIModel.swift in Sources */,
				BAEE20902D32827C00551EA7 /* ArtistChartRepository.swift in Sources */,
				BA6F11A92D734BD500CAD5C6 /* FastestRecordViewModel.swift in Sources */,
				BA253E972D2FF629003121ED /* AlbumChart.swift in Sources */,
			);
			runOnlyForDeploymentPostprocessing = 0;
		};
/* End PBXSourcesBuildPhase section */

/* Begin PBXTargetDependency section */
		BA67D1D02D4DF81900642984 /* PBXTargetDependency */ = {
			isa = PBXTargetDependency;
			productRef = BA67D1CF2D4DF81900642984 /* SwiftLintBuildToolPlugin */;
		};
		BA67D1D22D4DF81E00642984 /* PBXTargetDependency */ = {
			isa = PBXTargetDependency;
			productRef = BA67D1D12D4DF81E00642984 /* SwiftLintBuildToolPlugin */;
		};
		BA67D1D42D4DF82000642984 /* PBXTargetDependency */ = {
			isa = PBXTargetDependency;
			productRef = BA67D1D32D4DF82000642984 /* SwiftLintBuildToolPlugin */;
		};
/* End PBXTargetDependency section */

/* Begin XCBuildConfiguration section */
		BA5F02C22D40EA8B008AF417 /* Debug */ = {
			isa = XCBuildConfiguration;
			buildSettings = {
				ASSETCATALOG_COMPILER_APPICON_NAME = AppIcon;
				ASSETCATALOG_COMPILER_GLOBAL_ACCENT_COLOR_NAME = AccentColor;
				CODE_SIGN_STYLE = Automatic;
				CURRENT_PROJECT_VERSION = 1;
				DEVELOPMENT_ASSET_PATHS = "\"HeliCharts/Preview Content\"";
				DEVELOPMENT_TEAM = F8RVHT27ZJ;
				ENABLE_PREVIEWS = YES;
				GENERATE_INFOPLIST_FILE = YES;
				INFOPLIST_KEY_CFBundleDisplayName = RalphCharts;
				INFOPLIST_KEY_UIApplicationSceneManifest_Generation = YES;
				INFOPLIST_KEY_UIApplicationSupportsIndirectInputEvents = YES;
				INFOPLIST_KEY_UILaunchScreen_Generation = YES;
				INFOPLIST_KEY_UISupportedInterfaceOrientations_iPad = "UIInterfaceOrientationPortrait UIInterfaceOrientationPortraitUpsideDown UIInterfaceOrientationLandscapeLeft UIInterfaceOrientationLandscapeRight";
				INFOPLIST_KEY_UISupportedInterfaceOrientations_iPhone = "UIInterfaceOrientationPortrait UIInterfaceOrientationLandscapeLeft UIInterfaceOrientationLandscapeRight";
				INFOPLIST_KEY_UIUserInterfaceStyle = Dark;
				LD_RUNPATH_SEARCH_PATHS = (
					"$(inherited)",
					"@executable_path/Frameworks",
				);
				MARKETING_VERSION = 1.0;
				PRODUCT_BUNDLE_IDENTIFIER = com.rabago.RalphCharts;
				PRODUCT_NAME = "$(TARGET_NAME)";
				SUPPORTED_PLATFORMS = "iphoneos iphonesimulator";
				SUPPORTS_MACCATALYST = NO;
				SUPPORTS_MAC_DESIGNED_FOR_IPHONE_IPAD = YES;
				SUPPORTS_XR_DESIGNED_FOR_IPHONE_IPAD = NO;
				SWIFT_ACTIVE_COMPILATION_CONDITIONS = "DEBUG $(inherited) RALPH_CHARTS";
				SWIFT_EMIT_LOC_STRINGS = YES;
				SWIFT_VERSION = 5.0;
				TARGETED_DEVICE_FAMILY = 1;
			};
			name = Debug;
		};
		BA5F02C32D40EA8B008AF417 /* Release */ = {
			isa = XCBuildConfiguration;
			buildSettings = {
				ASSETCATALOG_COMPILER_APPICON_NAME = AppIcon;
				ASSETCATALOG_COMPILER_GLOBAL_ACCENT_COLOR_NAME = AccentColor;
				CODE_SIGN_STYLE = Automatic;
				CURRENT_PROJECT_VERSION = 1;
				DEVELOPMENT_ASSET_PATHS = "\"HeliCharts/Preview Content\"";
				DEVELOPMENT_TEAM = F8RVHT27ZJ;
				ENABLE_PREVIEWS = YES;
				GENERATE_INFOPLIST_FILE = YES;
				INFOPLIST_KEY_CFBundleDisplayName = RalphCharts;
				INFOPLIST_KEY_UIApplicationSceneManifest_Generation = YES;
				INFOPLIST_KEY_UIApplicationSupportsIndirectInputEvents = YES;
				INFOPLIST_KEY_UILaunchScreen_Generation = YES;
				INFOPLIST_KEY_UISupportedInterfaceOrientations_iPad = "UIInterfaceOrientationPortrait UIInterfaceOrientationPortraitUpsideDown UIInterfaceOrientationLandscapeLeft UIInterfaceOrientationLandscapeRight";
				INFOPLIST_KEY_UISupportedInterfaceOrientations_iPhone = "UIInterfaceOrientationPortrait UIInterfaceOrientationLandscapeLeft UIInterfaceOrientationLandscapeRight";
				INFOPLIST_KEY_UIUserInterfaceStyle = Dark;
				LD_RUNPATH_SEARCH_PATHS = (
					"$(inherited)",
					"@executable_path/Frameworks",
				);
				MARKETING_VERSION = 1.0;
				PRODUCT_BUNDLE_IDENTIFIER = com.rabago.RalphCharts;
				PRODUCT_NAME = "$(TARGET_NAME)";
				SUPPORTED_PLATFORMS = "iphoneos iphonesimulator";
				SUPPORTS_MACCATALYST = NO;
				SUPPORTS_MAC_DESIGNED_FOR_IPHONE_IPAD = YES;
				SUPPORTS_XR_DESIGNED_FOR_IPHONE_IPAD = NO;
				SWIFT_ACTIVE_COMPILATION_CONDITIONS = RALPH_CHARTS;
				SWIFT_EMIT_LOC_STRINGS = YES;
				SWIFT_VERSION = 5.0;
				TARGETED_DEVICE_FAMILY = 1;
			};
			name = Release;
		};
		BA5F030C2D40EADD008AF417 /* Debug */ = {
			isa = XCBuildConfiguration;
			buildSettings = {
				ASSETCATALOG_COMPILER_APPICON_NAME = AppIcon;
				ASSETCATALOG_COMPILER_GLOBAL_ACCENT_COLOR_NAME = AccentColor;
				CODE_SIGN_STYLE = Automatic;
				CURRENT_PROJECT_VERSION = 1;
				DEVELOPMENT_ASSET_PATHS = "\"HeliCharts/Preview Content\"";
				DEVELOPMENT_TEAM = F8RVHT27ZJ;
				ENABLE_PREVIEWS = YES;
				GENERATE_INFOPLIST_FILE = YES;
				INFOPLIST_KEY_CFBundleDisplayName = CLCharts;
				INFOPLIST_KEY_UIApplicationSceneManifest_Generation = YES;
				INFOPLIST_KEY_UIApplicationSupportsIndirectInputEvents = YES;
				INFOPLIST_KEY_UILaunchScreen_Generation = YES;
				INFOPLIST_KEY_UISupportedInterfaceOrientations_iPad = "UIInterfaceOrientationPortrait UIInterfaceOrientationPortraitUpsideDown UIInterfaceOrientationLandscapeLeft UIInterfaceOrientationLandscapeRight";
				INFOPLIST_KEY_UISupportedInterfaceOrientations_iPhone = "UIInterfaceOrientationPortrait UIInterfaceOrientationLandscapeLeft UIInterfaceOrientationLandscapeRight";
				INFOPLIST_KEY_UIUserInterfaceStyle = Dark;
				LD_RUNPATH_SEARCH_PATHS = (
					"$(inherited)",
					"@executable_path/Frameworks",
				);
				MARKETING_VERSION = 1.0;
				PRODUCT_BUNDLE_IDENTIFIER = com.rabago.CLCharts;
				PRODUCT_NAME = "$(TARGET_NAME)";
				SUPPORTED_PLATFORMS = "iphoneos iphonesimulator";
				SUPPORTS_MACCATALYST = NO;
				SUPPORTS_MAC_DESIGNED_FOR_IPHONE_IPAD = YES;
				SUPPORTS_XR_DESIGNED_FOR_IPHONE_IPAD = NO;
				SWIFT_ACTIVE_COMPILATION_CONDITIONS = "DEBUG $(inherited) CL_CHARTS";
				SWIFT_EMIT_LOC_STRINGS = YES;
				SWIFT_VERSION = 5.0;
				TARGETED_DEVICE_FAMILY = 1;
			};
			name = Debug;
		};
		BA5F030D2D40EADD008AF417 /* Release */ = {
			isa = XCBuildConfiguration;
			buildSettings = {
				ASSETCATALOG_COMPILER_APPICON_NAME = AppIcon;
				ASSETCATALOG_COMPILER_GLOBAL_ACCENT_COLOR_NAME = AccentColor;
				CODE_SIGN_STYLE = Automatic;
				CURRENT_PROJECT_VERSION = 1;
				DEVELOPMENT_ASSET_PATHS = "\"HeliCharts/Preview Content\"";
				DEVELOPMENT_TEAM = F8RVHT27ZJ;
				ENABLE_PREVIEWS = YES;
				GENERATE_INFOPLIST_FILE = YES;
				INFOPLIST_KEY_CFBundleDisplayName = CLCharts;
				INFOPLIST_KEY_UIApplicationSceneManifest_Generation = YES;
				INFOPLIST_KEY_UIApplicationSupportsIndirectInputEvents = YES;
				INFOPLIST_KEY_UILaunchScreen_Generation = YES;
				INFOPLIST_KEY_UISupportedInterfaceOrientations_iPad = "UIInterfaceOrientationPortrait UIInterfaceOrientationPortraitUpsideDown UIInterfaceOrientationLandscapeLeft UIInterfaceOrientationLandscapeRight";
				INFOPLIST_KEY_UISupportedInterfaceOrientations_iPhone = "UIInterfaceOrientationPortrait UIInterfaceOrientationLandscapeLeft UIInterfaceOrientationLandscapeRight";
				INFOPLIST_KEY_UIUserInterfaceStyle = Dark;
				LD_RUNPATH_SEARCH_PATHS = (
					"$(inherited)",
					"@executable_path/Frameworks",
				);
				MARKETING_VERSION = 1.0;
				PRODUCT_BUNDLE_IDENTIFIER = com.rabago.CLCharts;
				PRODUCT_NAME = "$(TARGET_NAME)";
				SUPPORTED_PLATFORMS = "iphoneos iphonesimulator";
				SUPPORTS_MACCATALYST = NO;
				SUPPORTS_MAC_DESIGNED_FOR_IPHONE_IPAD = YES;
				SUPPORTS_XR_DESIGNED_FOR_IPHONE_IPAD = NO;
				SWIFT_ACTIVE_COMPILATION_CONDITIONS = CL_CHARTS;
				SWIFT_EMIT_LOC_STRINGS = YES;
				SWIFT_VERSION = 5.0;
				TARGETED_DEVICE_FAMILY = 1;
			};
			name = Release;
		};
		BA9399072D2D604700362719 /* Debug */ = {
			isa = XCBuildConfiguration;
			buildSettings = {
				ALWAYS_SEARCH_USER_PATHS = NO;
				ASSETCATALOG_COMPILER_GENERATE_SWIFT_ASSET_SYMBOL_EXTENSIONS = YES;
				CLANG_ANALYZER_NONNULL = YES;
				CLANG_ANALYZER_NUMBER_OBJECT_CONVERSION = YES_AGGRESSIVE;
				CLANG_CXX_LANGUAGE_STANDARD = "gnu++20";
				CLANG_ENABLE_MODULES = YES;
				CLANG_ENABLE_OBJC_ARC = YES;
				CLANG_ENABLE_OBJC_WEAK = YES;
				CLANG_WARN_BLOCK_CAPTURE_AUTORELEASING = YES;
				CLANG_WARN_BOOL_CONVERSION = YES;
				CLANG_WARN_COMMA = YES;
				CLANG_WARN_CONSTANT_CONVERSION = YES;
				CLANG_WARN_DEPRECATED_OBJC_IMPLEMENTATIONS = YES;
				CLANG_WARN_DIRECT_OBJC_ISA_USAGE = YES_ERROR;
				CLANG_WARN_DOCUMENTATION_COMMENTS = YES;
				CLANG_WARN_EMPTY_BODY = YES;
				CLANG_WARN_ENUM_CONVERSION = YES;
				CLANG_WARN_INFINITE_RECURSION = YES;
				CLANG_WARN_INT_CONVERSION = YES;
				CLANG_WARN_NON_LITERAL_NULL_CONVERSION = YES;
				CLANG_WARN_OBJC_IMPLICIT_RETAIN_SELF = YES;
				CLANG_WARN_OBJC_LITERAL_CONVERSION = YES;
				CLANG_WARN_OBJC_ROOT_CLASS = YES_ERROR;
				CLANG_WARN_QUOTED_INCLUDE_IN_FRAMEWORK_HEADER = YES;
				CLANG_WARN_RANGE_LOOP_ANALYSIS = YES;
				CLANG_WARN_STRICT_PROTOTYPES = YES;
				CLANG_WARN_SUSPICIOUS_MOVE = YES;
				CLANG_WARN_UNGUARDED_AVAILABILITY = YES_AGGRESSIVE;
				CLANG_WARN_UNREACHABLE_CODE = YES;
				CLANG_WARN__DUPLICATE_METHOD_MATCH = YES;
				COPY_PHASE_STRIP = NO;
				DEBUG_INFORMATION_FORMAT = dwarf;
				ENABLE_STRICT_OBJC_MSGSEND = YES;
				ENABLE_TESTABILITY = YES;
				ENABLE_USER_SCRIPT_SANDBOXING = YES;
				GCC_C_LANGUAGE_STANDARD = gnu17;
				GCC_DYNAMIC_NO_PIC = NO;
				GCC_NO_COMMON_BLOCKS = YES;
				GCC_OPTIMIZATION_LEVEL = 0;
				GCC_PREPROCESSOR_DEFINITIONS = (
					"DEBUG=1",
					"$(inherited)",
				);
				GCC_WARN_64_TO_32_BIT_CONVERSION = YES;
				GCC_WARN_ABOUT_RETURN_TYPE = YES_ERROR;
				GCC_WARN_UNDECLARED_SELECTOR = YES;
				GCC_WARN_UNINITIALIZED_AUTOS = YES_AGGRESSIVE;
				GCC_WARN_UNUSED_FUNCTION = YES;
				GCC_WARN_UNUSED_VARIABLE = YES;
				IPHONEOS_DEPLOYMENT_TARGET = 17.2;
				LOCALIZATION_PREFERS_STRING_CATALOGS = YES;
				MTL_ENABLE_DEBUG_INFO = INCLUDE_SOURCE;
				MTL_FAST_MATH = YES;
				ONLY_ACTIVE_ARCH = YES;
				SDKROOT = iphoneos;
				SWIFT_ACTIVE_COMPILATION_CONDITIONS = "DEBUG $(inherited)";
				SWIFT_OPTIMIZATION_LEVEL = "-Onone";
			};
			name = Debug;
		};
		BA9399082D2D604700362719 /* Release */ = {
			isa = XCBuildConfiguration;
			buildSettings = {
				ALWAYS_SEARCH_USER_PATHS = NO;
				ASSETCATALOG_COMPILER_GENERATE_SWIFT_ASSET_SYMBOL_EXTENSIONS = YES;
				CLANG_ANALYZER_NONNULL = YES;
				CLANG_ANALYZER_NUMBER_OBJECT_CONVERSION = YES_AGGRESSIVE;
				CLANG_CXX_LANGUAGE_STANDARD = "gnu++20";
				CLANG_ENABLE_MODULES = YES;
				CLANG_ENABLE_OBJC_ARC = YES;
				CLANG_ENABLE_OBJC_WEAK = YES;
				CLANG_WARN_BLOCK_CAPTURE_AUTORELEASING = YES;
				CLANG_WARN_BOOL_CONVERSION = YES;
				CLANG_WARN_COMMA = YES;
				CLANG_WARN_CONSTANT_CONVERSION = YES;
				CLANG_WARN_DEPRECATED_OBJC_IMPLEMENTATIONS = YES;
				CLANG_WARN_DIRECT_OBJC_ISA_USAGE = YES_ERROR;
				CLANG_WARN_DOCUMENTATION_COMMENTS = YES;
				CLANG_WARN_EMPTY_BODY = YES;
				CLANG_WARN_ENUM_CONVERSION = YES;
				CLANG_WARN_INFINITE_RECURSION = YES;
				CLANG_WARN_INT_CONVERSION = YES;
				CLANG_WARN_NON_LITERAL_NULL_CONVERSION = YES;
				CLANG_WARN_OBJC_IMPLICIT_RETAIN_SELF = YES;
				CLANG_WARN_OBJC_LITERAL_CONVERSION = YES;
				CLANG_WARN_OBJC_ROOT_CLASS = YES_ERROR;
				CLANG_WARN_QUOTED_INCLUDE_IN_FRAMEWORK_HEADER = YES;
				CLANG_WARN_RANGE_LOOP_ANALYSIS = YES;
				CLANG_WARN_STRICT_PROTOTYPES = YES;
				CLANG_WARN_SUSPICIOUS_MOVE = YES;
				CLANG_WARN_UNGUARDED_AVAILABILITY = YES_AGGRESSIVE;
				CLANG_WARN_UNREACHABLE_CODE = YES;
				CLANG_WARN__DUPLICATE_METHOD_MATCH = YES;
				COPY_PHASE_STRIP = NO;
				DEBUG_INFORMATION_FORMAT = "dwarf-with-dsym";
				ENABLE_NS_ASSERTIONS = NO;
				ENABLE_STRICT_OBJC_MSGSEND = YES;
				ENABLE_USER_SCRIPT_SANDBOXING = YES;
				GCC_C_LANGUAGE_STANDARD = gnu17;
				GCC_NO_COMMON_BLOCKS = YES;
				GCC_WARN_64_TO_32_BIT_CONVERSION = YES;
				GCC_WARN_ABOUT_RETURN_TYPE = YES_ERROR;
				GCC_WARN_UNDECLARED_SELECTOR = YES;
				GCC_WARN_UNINITIALIZED_AUTOS = YES_AGGRESSIVE;
				GCC_WARN_UNUSED_FUNCTION = YES;
				GCC_WARN_UNUSED_VARIABLE = YES;
				IPHONEOS_DEPLOYMENT_TARGET = 17.2;
				LOCALIZATION_PREFERS_STRING_CATALOGS = YES;
				MTL_ENABLE_DEBUG_INFO = NO;
				MTL_FAST_MATH = YES;
				SDKROOT = iphoneos;
				SWIFT_COMPILATION_MODE = wholemodule;
				VALIDATE_PRODUCT = YES;
			};
			name = Release;
		};
		BA93990A2D2D604700362719 /* Debug */ = {
			isa = XCBuildConfiguration;
			buildSettings = {
				ASSETCATALOG_COMPILER_APPICON_NAME = AppIcon;
				ASSETCATALOG_COMPILER_GLOBAL_ACCENT_COLOR_NAME = AccentColor;
				CODE_SIGN_STYLE = Automatic;
				CURRENT_PROJECT_VERSION = 1;
				DEVELOPMENT_ASSET_PATHS = "\"HeliCharts/Preview Content\"";
				DEVELOPMENT_TEAM = F8RVHT27ZJ;
				ENABLE_PREVIEWS = YES;
				GENERATE_INFOPLIST_FILE = YES;
				INFOPLIST_KEY_CFBundleDisplayName = HeliCharts;
				INFOPLIST_KEY_UIApplicationSceneManifest_Generation = YES;
				INFOPLIST_KEY_UIApplicationSupportsIndirectInputEvents = YES;
				INFOPLIST_KEY_UILaunchScreen_Generation = YES;
				INFOPLIST_KEY_UISupportedInterfaceOrientations_iPad = "UIInterfaceOrientationPortrait UIInterfaceOrientationPortraitUpsideDown UIInterfaceOrientationLandscapeLeft UIInterfaceOrientationLandscapeRight";
				INFOPLIST_KEY_UISupportedInterfaceOrientations_iPhone = "UIInterfaceOrientationPortrait UIInterfaceOrientationLandscapeLeft UIInterfaceOrientationLandscapeRight";
				INFOPLIST_KEY_UIUserInterfaceStyle = Dark;
				LD_RUNPATH_SEARCH_PATHS = (
					"$(inherited)",
					"@executable_path/Frameworks",
				);
				MARKETING_VERSION = 1.0;
				PRODUCT_BUNDLE_IDENTIFIER = com.rabago.HeliCharts;
				PRODUCT_NAME = "$(TARGET_NAME)";
				SUPPORTED_PLATFORMS = "iphoneos iphonesimulator";
				SUPPORTS_MACCATALYST = NO;
				SUPPORTS_MAC_DESIGNED_FOR_IPHONE_IPAD = YES;
				SUPPORTS_XR_DESIGNED_FOR_IPHONE_IPAD = NO;
				SWIFT_ACTIVE_COMPILATION_CONDITIONS = "DEBUG $(inherited) HELI_CHARTS";
				SWIFT_EMIT_LOC_STRINGS = YES;
				SWIFT_VERSION = 5.0;
				TARGETED_DEVICE_FAMILY = 1;
			};
			name = Debug;
		};
		BA93990B2D2D604700362719 /* Release */ = {
			isa = XCBuildConfiguration;
			buildSettings = {
				ASSETCATALOG_COMPILER_APPICON_NAME = AppIcon;
				ASSETCATALOG_COMPILER_GLOBAL_ACCENT_COLOR_NAME = AccentColor;
				CODE_SIGN_STYLE = Automatic;
				CURRENT_PROJECT_VERSION = 1;
				DEVELOPMENT_ASSET_PATHS = "\"HeliCharts/Preview Content\"";
				DEVELOPMENT_TEAM = F8RVHT27ZJ;
				ENABLE_PREVIEWS = YES;
				GENERATE_INFOPLIST_FILE = YES;
				INFOPLIST_KEY_CFBundleDisplayName = HeliCharts;
				INFOPLIST_KEY_UIApplicationSceneManifest_Generation = YES;
				INFOPLIST_KEY_UIApplicationSupportsIndirectInputEvents = YES;
				INFOPLIST_KEY_UILaunchScreen_Generation = YES;
				INFOPLIST_KEY_UISupportedInterfaceOrientations_iPad = "UIInterfaceOrientationPortrait UIInterfaceOrientationPortraitUpsideDown UIInterfaceOrientationLandscapeLeft UIInterfaceOrientationLandscapeRight";
				INFOPLIST_KEY_UISupportedInterfaceOrientations_iPhone = "UIInterfaceOrientationPortrait UIInterfaceOrientationLandscapeLeft UIInterfaceOrientationLandscapeRight";
				INFOPLIST_KEY_UIUserInterfaceStyle = Dark;
				LD_RUNPATH_SEARCH_PATHS = (
					"$(inherited)",
					"@executable_path/Frameworks",
				);
				MARKETING_VERSION = 1.0;
				PRODUCT_BUNDLE_IDENTIFIER = com.rabago.HeliCharts;
				PRODUCT_NAME = "$(TARGET_NAME)";
				SUPPORTED_PLATFORMS = "iphoneos iphonesimulator";
				SUPPORTS_MACCATALYST = NO;
				SUPPORTS_MAC_DESIGNED_FOR_IPHONE_IPAD = YES;
				SUPPORTS_XR_DESIGNED_FOR_IPHONE_IPAD = NO;
				SWIFT_ACTIVE_COMPILATION_CONDITIONS = HELI_CHARTS;
				SWIFT_EMIT_LOC_STRINGS = YES;
				SWIFT_VERSION = 5.0;
				TARGETED_DEVICE_FAMILY = 1;
			};
			name = Release;
		};
/* End XCBuildConfiguration section */

/* Begin XCConfigurationList section */
		BA5F02C12D40EA8B008AF417 /* Build configuration list for PBXNativeTarget "RalphCharts" */ = {
			isa = XCConfigurationList;
			buildConfigurations = (
				BA5F02C22D40EA8B008AF417 /* Debug */,
				BA5F02C32D40EA8B008AF417 /* Release */,
			);
			defaultConfigurationIsVisible = 0;
			defaultConfigurationName = Release;
		};
		BA5F030B2D40EADD008AF417 /* Build configuration list for PBXNativeTarget "CLCharts" */ = {
			isa = XCConfigurationList;
			buildConfigurations = (
				BA5F030C2D40EADD008AF417 /* Debug */,
				BA5F030D2D40EADD008AF417 /* Release */,
			);
			defaultConfigurationIsVisible = 0;
			defaultConfigurationName = Release;
		};
		BA9398F42D2D604500362719 /* Build configuration list for PBXProject "HeliCharts" */ = {
			isa = XCConfigurationList;
			buildConfigurations = (
				BA9399072D2D604700362719 /* Debug */,
				BA9399082D2D604700362719 /* Release */,
			);
			defaultConfigurationIsVisible = 0;
			defaultConfigurationName = Release;
		};
		BA9399092D2D604700362719 /* Build configuration list for PBXNativeTarget "HeliCharts" */ = {
			isa = XCConfigurationList;
			buildConfigurations = (
				BA93990A2D2D604700362719 /* Debug */,
				BA93990B2D2D604700362719 /* Release */,
			);
			defaultConfigurationIsVisible = 0;
			defaultConfigurationName = Release;
		};
/* End XCConfigurationList section */

/* Begin XCRemoteSwiftPackageReference section */
		BA5F027D2D40EA8B008AF417 /* XCRemoteSwiftPackageReference "swift-collections" */ = {
			isa = XCRemoteSwiftPackageReference;
			repositoryURL = "https://github.com/apple/swift-collections.git";
			requirement = {
				kind = exactVersion;
				version = 1.1.4;
			};
		};
		BA5F02C72D40EADD008AF417 /* XCRemoteSwiftPackageReference "swift-collections" */ = {
			isa = XCRemoteSwiftPackageReference;
			repositoryURL = "https://github.com/apple/swift-collections.git";
			requirement = {
				kind = exactVersion;
				version = 1.1.4;
			};
		};
		BA67D1CE2D4DF80C00642984 /* XCRemoteSwiftPackageReference "SwiftLintPlugins" */ = {
			isa = XCRemoteSwiftPackageReference;
			repositoryURL = "https://github.com/SimplyDanny/SwiftLintPlugins";
			requirement = {
				kind = exactVersion;
				version = 0.58.2;
			};
		};
		BAFC4E652D3C890F00BC5B73 /* XCRemoteSwiftPackageReference "swift-collections" */ = {
			isa = XCRemoteSwiftPackageReference;
			repositoryURL = "https://github.com/apple/swift-collections.git";
			requirement = {
				kind = exactVersion;
				version = 1.1.4;
			};
		};
/* End XCRemoteSwiftPackageReference section */

/* Begin XCSwiftPackageProductDependency section */
		BA5F027C2D40EA8B008AF417 /* BitCollections */ = {
			isa = XCSwiftPackageProductDependency;
			package = BA5F027D2D40EA8B008AF417 /* XCRemoteSwiftPackageReference "swift-collections" */;
			productName = BitCollections;
		};
		BA5F027E2D40EA8B008AF417 /* Collections */ = {
			isa = XCSwiftPackageProductDependency;
			package = BA5F027D2D40EA8B008AF417 /* XCRemoteSwiftPackageReference "swift-collections" */;
			productName = Collections;
		};
		BA5F027F2D40EA8B008AF417 /* DequeModule */ = {
			isa = XCSwiftPackageProductDependency;
			package = BA5F027D2D40EA8B008AF417 /* XCRemoteSwiftPackageReference "swift-collections" */;
			productName = DequeModule;
		};
		BA5F02802D40EA8B008AF417 /* HashTreeCollections */ = {
			isa = XCSwiftPackageProductDependency;
			package = BA5F027D2D40EA8B008AF417 /* XCRemoteSwiftPackageReference "swift-collections" */;
			productName = HashTreeCollections;
		};
		BA5F02812D40EA8B008AF417 /* HeapModule */ = {
			isa = XCSwiftPackageProductDependency;
			package = BA5F027D2D40EA8B008AF417 /* XCRemoteSwiftPackageReference "swift-collections" */;
			productName = HeapModule;
		};
		BA5F02C62D40EADD008AF417 /* BitCollections */ = {
			isa = XCSwiftPackageProductDependency;
			package = BA5F02C72D40EADD008AF417 /* XCRemoteSwiftPackageReference "swift-collections" */;
			productName = BitCollections;
		};
		BA5F02C82D40EADD008AF417 /* Collections */ = {
			isa = XCSwiftPackageProductDependency;
			package = BA5F02C72D40EADD008AF417 /* XCRemoteSwiftPackageReference "swift-collections" */;
			productName = Collections;
		};
		BA5F02C92D40EADD008AF417 /* DequeModule */ = {
			isa = XCSwiftPackageProductDependency;
			package = BA5F02C72D40EADD008AF417 /* XCRemoteSwiftPackageReference "swift-collections" */;
			productName = DequeModule;
		};
		BA5F02CA2D40EADD008AF417 /* HashTreeCollections */ = {
			isa = XCSwiftPackageProductDependency;
			package = BA5F02C72D40EADD008AF417 /* XCRemoteSwiftPackageReference "swift-collections" */;
			productName = HashTreeCollections;
		};
		BA5F02CB2D40EADD008AF417 /* HeapModule */ = {
			isa = XCSwiftPackageProductDependency;
			package = BA5F02C72D40EADD008AF417 /* XCRemoteSwiftPackageReference "swift-collections" */;
			productName = HeapModule;
		};
		BA67D1CF2D4DF81900642984 /* SwiftLintBuildToolPlugin */ = {
			isa = XCSwiftPackageProductDependency;
			package = BA67D1CE2D4DF80C00642984 /* XCRemoteSwiftPackageReference "SwiftLintPlugins" */;
			productName = "plugin:SwiftLintBuildToolPlugin";
		};
		BA67D1D12D4DF81E00642984 /* SwiftLintBuildToolPlugin */ = {
			isa = XCSwiftPackageProductDependency;
			package = BA67D1CE2D4DF80C00642984 /* XCRemoteSwiftPackageReference "SwiftLintPlugins" */;
			productName = "plugin:SwiftLintBuildToolPlugin";
		};
		BA67D1D32D4DF82000642984 /* SwiftLintBuildToolPlugin */ = {
			isa = XCSwiftPackageProductDependency;
			package = BA67D1CE2D4DF80C00642984 /* XCRemoteSwiftPackageReference "SwiftLintPlugins" */;
			productName = "plugin:SwiftLintBuildToolPlugin";
		};
		BAFC4E662D3C890F00BC5B73 /* BitCollections */ = {
			isa = XCSwiftPackageProductDependency;
			package = BAFC4E652D3C890F00BC5B73 /* XCRemoteSwiftPackageReference "swift-collections" */;
			productName = BitCollections;
		};
		BAFC4E682D3C890F00BC5B73 /* Collections */ = {
			isa = XCSwiftPackageProductDependency;
			package = BAFC4E652D3C890F00BC5B73 /* XCRemoteSwiftPackageReference "swift-collections" */;
			productName = Collections;
		};
		BAFC4E6A2D3C890F00BC5B73 /* DequeModule */ = {
			isa = XCSwiftPackageProductDependency;
			package = BAFC4E652D3C890F00BC5B73 /* XCRemoteSwiftPackageReference "swift-collections" */;
			productName = DequeModule;
		};
		BAFC4E6C2D3C890F00BC5B73 /* HashTreeCollections */ = {
			isa = XCSwiftPackageProductDependency;
			package = BAFC4E652D3C890F00BC5B73 /* XCRemoteSwiftPackageReference "swift-collections" */;
			productName = HashTreeCollections;
		};
		BAFC4E6E2D3C890F00BC5B73 /* HeapModule */ = {
			isa = XCSwiftPackageProductDependency;
			package = BAFC4E652D3C890F00BC5B73 /* XCRemoteSwiftPackageReference "swift-collections" */;
			productName = HeapModule;
		};
/* End XCSwiftPackageProductDependency section */
	};
	rootObject = BA9398F12D2D604500362719 /* Project object */;
}
